{"dependencies":[],"sourceFilePaths":[{"path":"\/Users\/jerometonnelier\/Developer\/sdk-ios\/sdk-ads-ios\/AdsCardLibrary\/AdsCardLibrary\/AdManager\/AdManager.swift","hash":"d61b5cb0d3bc6fe35fb4624f6d603f4bded76d5e"},{"hash":"24a060f15d5b36c3ea96a7370793246cc5af4120","path":"\/Users\/jerometonnelier\/Developer\/sdk-ios\/sdk-ads-ios\/AdsCardLibrary\/AdsCardLibrary\/AdManager\/AdManagerDelegate.swift"},{"hash":"f557754ea3f90f2e17a9801f24461c236440789f","path":"\/Users\/jerometonnelier\/Developer\/sdk-ios\/sdk-ads-ios\/AdsCardLibrary\/AdsCardLibrary\/AdManager\/AdManagerOptions.swift"},{"path":"\/Users\/jerometonnelier\/Developer\/sdk-ios\/sdk-ads-ios\/AdsCardLibrary\/AdsCardLibrary\/AdManager\/Dedicated Managers\/AdDelegateProxy.swift","hash":"8f6d34bb5e651a711932b4a27f003e149df2e960"},{"path":"\/Users\/jerometonnelier\/Developer\/sdk-ios\/sdk-ads-ios\/AdsCardLibrary\/AdsCardLibrary\/AdManager\/Dedicated Managers\/BannerAdManager.swift","hash":"c571352bf56d78b33ccab271d7412d9b7d33904a"},{"path":"\/Users\/jerometonnelier\/Developer\/sdk-ios\/sdk-ads-ios\/AdsCardLibrary\/AdsCardLibrary\/AdManager\/Dedicated Managers\/InterstitialAdManager.swift","hash":"22ee5cb386b0dee9049a6e7a2c11b91e4da8ae13"},{"path":"\/Users\/jerometonnelier\/Developer\/sdk-ios\/sdk-ads-ios\/AdsCardLibrary\/AdsCardLibrary\/AdManager\/Dedicated Managers\/OptInAdManager.swift","hash":"9823e370ba6d15aff54a5bbc0ac59cdee5ca19dd"},{"hash":"31510b2a59bfde73eef84aa639313c6c9adc1eaf","path":"\/Users\/jerometonnelier\/Developer\/sdk-ios\/sdk-ads-ios\/AdsCardLibrary\/AdsCardLibrary\/AdManager\/Dedicated Managers\/ThumbnailAdManager.swift"},{"hash":"6032e53f49be4e592ddd80b6f460ddf55eed9809","path":"\/Users\/jerometonnelier\/Developer\/sdk-ios\/sdk-ads-ios\/AdsCardLibrary\/AdsCardLibrary\/AdManager\/Errors\/OguryErrorConvertible.swift"},{"path":"\/Users\/jerometonnelier\/Developer\/sdk-ios\/sdk-ads-ios\/AdsCardLibrary\/AdsCardLibrary\/AdManager\/HeaderBiding\/DTFairBidHeaderBidable.swift","hash":"a9631685304ad32f3c99fa53b7161ac03895309b"},{"path":"\/Users\/jerometonnelier\/Developer\/sdk-ios\/sdk-ads-ios\/AdsCardLibrary\/AdsCardLibrary\/AdManager\/HeaderBiding\/HeaderBidable.swift","hash":"a18e260efc34863f91b7ca075b2b6d63dfe71e6f"},{"path":"\/Users\/jerometonnelier\/Developer\/sdk-ios\/sdk-ads-ios\/AdsCardLibrary\/AdsCardLibrary\/AdManager\/HeaderBiding\/MaxHeaderBidable.swift","hash":"4580321b1881fbfbab1554aa752dac0222393615"},{"hash":"331e3a0ddc2118a915210ad1d985a19c6b155780","path":"\/Users\/jerometonnelier\/Developer\/sdk-ios\/sdk-ads-ios\/AdsCardLibrary\/AdsCardLibrary\/AdManager\/HeaderBiding\/UnityLevelPlayBidable.swift"},{"path":"\/Users\/jerometonnelier\/Developer\/sdk-ios\/sdk-ads-ios\/AdsCardLibrary\/AdsCardLibrary\/AdManager\/Views\/AdActionBar\/AdActionBar.swift","hash":"d7391b6be78a15ea7c81a97d37062652262ffb2d"},{"path":"\/Users\/jerometonnelier\/Developer\/sdk-ios\/sdk-ads-ios\/AdsCardLibrary\/AdsCardLibrary\/AdManager\/Views\/AdActionBar\/AdActionBarFeature.swift","hash":"9f9536b8dab59e89c7d4f1d72e82307f865f2fa8"},{"path":"\/Users\/jerometonnelier\/Developer\/sdk-ios\/sdk-ads-ios\/AdsCardLibrary\/AdsCardLibrary\/AdManager\/Views\/AdColorPalette.swift","hash":"42955f8e42f4922756fc7f56697601bbe98cc3b7"},{"path":"\/Users\/jerometonnelier\/Developer\/sdk-ios\/sdk-ads-ios\/AdsCardLibrary\/AdsCardLibrary\/AdManager\/Views\/AdView\/AdTag\/AdTagFeature.swift","hash":"21fabd5f286794b24be3102a99603cfcd6da88f4"},{"path":"\/Users\/jerometonnelier\/Developer\/sdk-ios\/sdk-ads-ios\/AdsCardLibrary\/AdsCardLibrary\/AdManager\/Views\/AdView\/AdTag\/AdTagView.swift","hash":"76ae2a105c07e90da72c215f7deba850b8f9627c"},{"hash":"c0587f1994e6f65b45d2e7a6a2d2e32faba083b8","path":"\/Users\/jerometonnelier\/Developer\/sdk-ios\/sdk-ads-ios\/AdsCardLibrary\/AdsCardLibrary\/AdManager\/Views\/AdView\/AdView.swift"},{"hash":"c0587f1994e6f65b45d2e7a6a2d2e32faba083b8","path":"\/Users\/jerometonnelier\/Developer\/sdk-ios\/sdk-ads-ios\/AdsCardLibrary\/AdsCardLibrary\/AdManager\/Views\/AdView\/AdView.swift"},{"path":"\/Users\/jerometonnelier\/Developer\/sdk-ios\/sdk-ads-ios\/AdsCardLibrary\/AdsCardLibrary\/AdManager\/Views\/AdView\/AdViewFeature.swift","hash":"7d61affd20bb41a6b6bedf04cd66a0713538a2e0"},{"path":"\/Users\/jerometonnelier\/Developer\/sdk-ios\/sdk-ads-ios\/AdsCardLibrary\/AdsCardLibrary\/AdManager\/Views\/BannerPlaceholder\/AdBannerView.swift","hash":"3b6bfc31261dbcafffac95c203b060fceda766e2"},{"path":"\/Users\/jerometonnelier\/Developer\/sdk-ios\/sdk-ads-ios\/AdsCardLibrary\/AdsCardLibrary\/AdManager\/Views\/BannerPlaceholder\/BannerPlaceholderFeature.swift","hash":"a9edf9f1b98d0eafaaad376014d6e341018c06f4"},{"path":"\/Users\/jerometonnelier\/Developer\/sdk-ios\/sdk-ads-ios\/AdsCardLibrary\/AdsCardLibrary\/AdManager\/Views\/BannerPlaceholder\/BannerPlaceholderView.swift","hash":"436f6404b3506a272ccc5cb8d4063cf3c04c7e51"},{"hash":"6a72b31e61377c69df9728869b1277f213e0b451","path":"\/Users\/jerometonnelier\/Developer\/sdk-ios\/sdk-ads-ios\/AdsCardLibrary\/AdsCardLibrary\/AdManager\/Views\/Rewarded\/RewardedFeature.swift"},{"path":"\/Users\/jerometonnelier\/Developer\/sdk-ios\/sdk-ads-ios\/AdsCardLibrary\/AdsCardLibrary\/AdManager\/Views\/Rewarded\/RewardedView.swift","hash":"41bbce257338e3fcc2182decafa77d2e3dd72967"},{"hash":"c98a5e1ce3db80755ca79296cee38588043eb3e6","path":"\/Users\/jerometonnelier\/Developer\/sdk-ios\/sdk-ads-ios\/AdsCardLibrary\/AdsCardLibrary\/AdManager\/Views\/TextFields\/AdsTextField.swift"},{"hash":"f4409ae1bafe39422670b49ebbaeba2b4b4214b8","path":"\/Users\/jerometonnelier\/Developer\/sdk-ios\/sdk-ads-ios\/AdsCardLibrary\/AdsCardLibrary\/AdManager\/Views\/ThumbnailOptionView\/ThumbnailOptionFeature.swift"},{"path":"\/Users\/jerometonnelier\/Developer\/sdk-ios\/sdk-ads-ios\/AdsCardLibrary\/AdsCardLibrary\/AdManager\/Views\/ThumbnailOptionView\/ThumbnailOptionView.swift","hash":"7fa7151ca5d6fa439c3dcfe72bfb93fb8be9dd98"},{"path":"\/Users\/jerometonnelier\/Developer\/sdk-ios\/sdk-ads-ios\/AdsCardLibrary\/AdsCardLibrary\/AdsCardManager\/AdsCardManager.swift","hash":"d86e4fd0f1fbd7859867bcbb854b05282ea9646e"},{"hash":"1a57db8a1b61e0bbf2727df9fef0a48281cb4c9e","path":"\/Users\/jerometonnelier\/Developer\/sdk-ios\/sdk-ads-ios\/AdsCardLibrary\/AdsCardLibrary\/Fonts\/Font+Extension.swift"},{"hash":"ad72fe4c30dc380c8174e5f77d2f2cd45755f8f2","path":"\/Users\/jerometonnelier\/Developer\/sdk-ios\/sdk-ads-ios\/AdsCardLibrary\/AdsCardLibrary\/Serialization\/Storable.swift"}],"name":"AdsCardLibrary","configHash":"f969f727d41ec13707940cdf7bb0679f2d390c56","mockedTypesHash":"91dae22549253b985f3616b923ca7cc85ca07a4e","targetPathsHash":"8801c1d2fc39e1b3eea4dcb7a39b43232474b71e","supportingFilePaths":[],"outputHash":"ad975497c2c4ffcdf550c47c5024a5f49bb1ffe5","projectHash":"60e553f9878b0cf09cdf6675829a05ad94a72329","cliVersion":"0.20.0","productModuleName":"AdsCardLibrary","dependencyPathsHash":"da39a3ee5e6b4b0d3255bfef95601890afd80709","sourceRoot":"\/Users\/jerometonnelier\/Developer\/sdk-ios\/sdk-ads-ios\/AdsCardLibrary"}