// !$*UTF8*$!
{
	archiveVersion = 1;
	classes = {
	};
	objectVersion = 54;
	objects = {

/* Begin PBXBuildFile section */
		1E3D78CF2B23181000FCD4CA /* SnapKit in Frameworks */ = {isa = PBXBuildFile; productRef = 1E3D78CE2B23181000FCD4CA /* SnapKit */; };
		351A124D3B382C7CCFF8B44B /* AdsFullscreenController.swift in Sources */ = {isa = PBXBuildFile; fileRef = 351A16660272F38F3279B421 /* AdsFullscreenController.swift */; };
		393D067380175864ACD6ED9B /* Pods_LegacyTestApp.framework in Frameworks */ = {isa = PBXBuildFile; fileRef = 59F501599943F878CA9FD609 /* Pods_LegacyTestApp.framework */; };
		436A80E7295072580021EA32 /* String+Ext.swift in Sources */ = {isa = PBXBuildFile; fileRef = 436A80E6295072580021EA32 /* String+Ext.swift */; };
		506D75532CA40AC30050B345 /* OguryAds.framework in Frameworks */ = {isa = PBXBuildFile; fileRef = 506D75522CA40AC30050B345 /* OguryAds.framework */; };
		506D75552CA40AED0050B345 /* OguryCore.framework in Frameworks */ = {isa = PBXBuildFile; fileRef = 506D75542CA40AED0050B345 /* OguryCore.framework */; };
		506D75572CA40D500050B345 /* OMSDK_Ogury.xcframework in Frameworks */ = {isa = PBXBuildFile; fileRef = 506D75562CA40D500050B345 /* OMSDK_Ogury.xcframework */; };
		C907356224A3CCDD000EF992 /* LogsController.swift in Sources */ = {isa = PBXBuildFile; fileRef = C907356124A3CCDD000EF992 /* LogsController.swift */; };
		C907356524A3D034000EF992 /* LogsCell.swift in Sources */ = {isa = PBXBuildFile; fileRef = C907356424A3D034000EF992 /* LogsCell.swift */; };
		C907356724A3D045000EF992 /* LogsCell.xib in Resources */ = {isa = PBXBuildFile; fileRef = C907356624A3D045000EF992 /* LogsCell.xib */; };
		C907356924A4CFE6000EF992 /* ViewChoiceHeaderVC.swift in Sources */ = {isa = PBXBuildFile; fileRef = C907356824A4CFE6000EF992 /* ViewChoiceHeaderVC.swift */; };
		C91EA31825F682F600035BD9 /* ThumbnailController.swift in Sources */ = {isa = PBXBuildFile; fileRef = C91EA31725F682F600035BD9 /* ThumbnailController.swift */; };
		C94674CD24B31C470011665C /* BaseViewController.swift in Sources */ = {isa = PBXBuildFile; fileRef = C94674CC24B31C470011665C /* BaseViewController.swift */; };
		C94674D124B31D640011665C /* BannerTableViewVC.swift in Sources */ = {isa = PBXBuildFile; fileRef = C94674D024B31D640011665C /* BannerTableViewVC.swift */; };
		C94674D424B31D870011665C /* BannerCollectionViewVC.swift in Sources */ = {isa = PBXBuildFile; fileRef = C94674D324B31D870011665C /* BannerCollectionViewVC.swift */; };
		C94DAA0A28F59CC5008BFAB1 /* StoreKit.framework in Frameworks */ = {isa = PBXBuildFile; fileRef = C94DAA0628F59C54008BFAB1 /* StoreKit.framework */; };
		C95151A224A374DF0021B79A /* BannerAdController.swift in Sources */ = {isa = PBXBuildFile; fileRef = C95151A124A374DF0021B79A /* BannerAdController.swift */; };
		C958834324A0F55200AD37F9 /* BannerCollectionCell.swift in Sources */ = {isa = PBXBuildFile; fileRef = C958834124A0F55200AD37F9 /* BannerCollectionCell.swift */; };
		C958834424A0F55200AD37F9 /* BannerCollectionCell.xib in Resources */ = {isa = PBXBuildFile; fileRef = C958834224A0F55200AD37F9 /* BannerCollectionCell.xib */; };
		C958834624A10C4400AD37F9 /* UISegmentedControls+ReplaceItems.swift in Sources */ = {isa = PBXBuildFile; fileRef = C958834524A10C4400AD37F9 /* UISegmentedControls+ReplaceItems.swift */; };
		C964069D24BC635700689316 /* Coverable.swift in Sources */ = {isa = PBXBuildFile; fileRef = C964069924BC635600689316 /* Coverable.swift */; };
		C964069E24BC635700689316 /* Coverable+UIKit.swift in Sources */ = {isa = PBXBuildFile; fileRef = C964069A24BC635700689316 /* Coverable+UIKit.swift */; };
		C964069F24BC635700689316 /* LoadingPlaceholderView.swift in Sources */ = {isa = PBXBuildFile; fileRef = C964069B24BC635700689316 /* LoadingPlaceholderView.swift */; };
		C96406A024BC635700689316 /* UIBezierPath+.swift in Sources */ = {isa = PBXBuildFile; fileRef = C964069C24BC635700689316 /* UIBezierPath+.swift */; };
		C96406A424BC643A00689316 /* SkeletonTableCell.swift in Sources */ = {isa = PBXBuildFile; fileRef = C96406A324BC643A00689316 /* SkeletonTableCell.swift */; };
		C96406A624BC644A00689316 /* SkeletonTableCell.xib in Resources */ = {isa = PBXBuildFile; fileRef = C96406A524BC644A00689316 /* SkeletonTableCell.xib */; };
		C96406A824BC694200689316 /* BannerTableCell.swift in Sources */ = {isa = PBXBuildFile; fileRef = C96406A724BC694200689316 /* BannerTableCell.swift */; };
		C96406AA24BC695000689316 /* BannerTableCell.xib in Resources */ = {isa = PBXBuildFile; fileRef = C96406A924BC695000689316 /* BannerTableCell.xib */; };
		C96406AC24BC9E2F00689316 /* SkeletonCollectionCell.swift in Sources */ = {isa = PBXBuildFile; fileRef = C96406AB24BC9E2F00689316 /* SkeletonCollectionCell.swift */; };
		C96406AE24BC9E5900689316 /* SkeletonCollectionCell.xib in Resources */ = {isa = PBXBuildFile; fileRef = C96406AD24BC9E5900689316 /* SkeletonCollectionCell.xib */; };
		C96406B024BCA39B00689316 /* BannerViewCollectionCell.swift in Sources */ = {isa = PBXBuildFile; fileRef = C96406AF24BCA39B00689316 /* BannerViewCollectionCell.swift */; };
		C96406B224BCA3F200689316 /* BannerViewCollectionCell.xib in Resources */ = {isa = PBXBuildFile; fileRef = C96406B124BCA3F200689316 /* BannerViewCollectionCell.xib */; };
		C976094C2428C4550033D633 /* HeaderView.swift in Sources */ = {isa = PBXBuildFile; fileRef = C976094B2428C4550033D633 /* HeaderView.swift */; };
		C97609522428CE700033D633 /* AdsInterstitialController.swift in Sources */ = {isa = PBXBuildFile; fileRef = C97609512428CE700033D633 /* AdsInterstitialController.swift */; };
		C989F7FB25504E3C005BA3BD /* AdsOptinVideoController.swift in Sources */ = {isa = PBXBuildFile; fileRef = C989F7FA25504E3C005BA3BD /* AdsOptinVideoController.swift */; };
		C989F7FF2552AEC8005BA3BD /* ThumbnailVC.swift in Sources */ = {isa = PBXBuildFile; fileRef = C989F7FE2552AEC8005BA3BD /* ThumbnailVC.swift */; };
		C989F8062552B865005BA3BD /* ThumbnailView.swift in Sources */ = {isa = PBXBuildFile; fileRef = C989F8052552B865005BA3BD /* ThumbnailView.swift */; };
		C989F809255315B2005BA3BD /* ThumbnailViewDelegate.swift in Sources */ = {isa = PBXBuildFile; fileRef = C989F808255315B1005BA3BD /* ThumbnailViewDelegate.swift */; };
		C989F80E2555835E005BA3BD /* ViewThumbnailVC.swift in Sources */ = {isa = PBXBuildFile; fileRef = C989F80D2555835E005BA3BD /* ViewThumbnailVC.swift */; };
		C989F81525559579005BA3BD /* ThumbnailVC2.swift in Sources */ = {isa = PBXBuildFile; fileRef = C989F81425559579005BA3BD /* ThumbnailVC2.swift */; };
		C989F818255595AD005BA3BD /* ThumbnailVC3.swift in Sources */ = {isa = PBXBuildFile; fileRef = C989F817255595AD005BA3BD /* ThumbnailVC3.swift */; };
		C989F81B255595C7005BA3BD /* ThumbnailVC4.swift in Sources */ = {isa = PBXBuildFile; fileRef = C989F81A255595C7005BA3BD /* ThumbnailVC4.swift */; };
		C989F871255AE7A7005BA3BD /* ThumbnailView+Frame.swift in Sources */ = {isa = PBXBuildFile; fileRef = C989F870255AE7A6005BA3BD /* ThumbnailView+Frame.swift */; };
		C9981BDC24AF608B000BB5D3 /* BannerPosition.swift in Sources */ = {isa = PBXBuildFile; fileRef = C9981BDB24AF608B000BB5D3 /* BannerPosition.swift */; };
		C9981BDE24AF8AC9000BB5D3 /* BannerScrollViewVC.swift in Sources */ = {isa = PBXBuildFile; fileRef = C9981BDD24AF8AC9000BB5D3 /* BannerScrollViewVC.swift */; };
		C9981BE024AF8D63000BB5D3 /* BannerMainTab.swift in Sources */ = {isa = PBXBuildFile; fileRef = C9981BDF24AF8D63000BB5D3 /* BannerMainTab.swift */; };
		C9981BE324AF92C7000BB5D3 /* HeaderBannerView.swift in Sources */ = {isa = PBXBuildFile; fileRef = C9981BE224AF92C7000BB5D3 /* HeaderBannerView.swift */; };
		C9981BE624AF9683000BB5D3 /* BannerViewChoiceVC.swift in Sources */ = {isa = PBXBuildFile; fileRef = C9981BE524AF9683000BB5D3 /* BannerViewChoiceVC.swift */; };
		C99A4D49241FBFC800288F51 /* TypeOfAds.swift in Sources */ = {isa = PBXBuildFile; fileRef = C99A4D48241FBFC800288F51 /* TypeOfAds.swift */; };
		C99A4D4C241FC8F200288F51 /* RxSettings.swift in Sources */ = {isa = PBXBuildFile; fileRef = C99A4D4B241FC8F200288F51 /* RxSettings.swift */; };
		C99A4D4F241FC9AE00288F51 /* InterstitialCollectionCell.swift in Sources */ = {isa = PBXBuildFile; fileRef = C99A4D4E241FC9AE00288F51 /* InterstitialCollectionCell.swift */; };
		C99A4D51241FCAE900288F51 /* InterstitialCollectionCell.xib in Resources */ = {isa = PBXBuildFile; fileRef = C99A4D50241FCAE900288F51 /* InterstitialCollectionCell.xib */; };
		C99A4D54241FCC8000288F51 /* AdsCollectionCell.swift in Sources */ = {isa = PBXBuildFile; fileRef = C99A4D53241FCC8000288F51 /* AdsCollectionCell.swift */; };
		C99A4D57241FCD6700288F51 /* MainScreenViewController.swift in Sources */ = {isa = PBXBuildFile; fileRef = C99A4D56241FCD6700288F51 /* MainScreenViewController.swift */; };
		C99A4D5B2420DD9300288F51 /* AdConfigController.swift in Sources */ = {isa = PBXBuildFile; fileRef = C99A4D5A2420DD9300288F51 /* AdConfigController.swift */; };
		C99A4D5E2420E48900288F51 /* config.yaml in Resources */ = {isa = PBXBuildFile; fileRef = C99A4D5D2420E48900288F51 /* config.yaml */; };
		C99A4D602420EA7900288F51 /* Environment.swift in Sources */ = {isa = PBXBuildFile; fileRef = C99A4D5F2420EA7900288F51 /* Environment.swift */; };
		C99EE2E724B32A9B000DC1E6 /* AdBannerConfigController.swift in Sources */ = {isa = PBXBuildFile; fileRef = C99EE2E624B32A9B000DC1E6 /* AdBannerConfigController.swift */; };
		C99EE2ED24B5AE78000DC1E6 /* BannerListTableViewCell.swift in Sources */ = {isa = PBXBuildFile; fileRef = C99EE2EC24B5AE78000DC1E6 /* BannerListTableViewCell.swift */; };
		C99EE2EF24B5AE81000DC1E6 /* BannerListTableViewCell.xib in Resources */ = {isa = PBXBuildFile; fileRef = C99EE2EE24B5AE81000DC1E6 /* BannerListTableViewCell.xib */; };
		C9A5E774241A51660093E79B /* AppDelegate.swift in Sources */ = {isa = PBXBuildFile; fileRef = C9A5E773241A51660093E79B /* AppDelegate.swift */; };
		C9A5E77B241A51660093E79B /* Main.storyboard in Resources */ = {isa = PBXBuildFile; fileRef = C9A5E779241A51660093E79B /* Main.storyboard */; };
		C9A5E77D241A51680093E79B /* Assets.xcassets in Resources */ = {isa = PBXBuildFile; fileRef = C9A5E77C241A51680093E79B /* Assets.xcassets */; };
		C9A5E780241A51680093E79B /* LaunchScreen.storyboard in Resources */ = {isa = PBXBuildFile; fileRef = C9A5E77E241A51680093E79B /* LaunchScreen.storyboard */; };
		C9C0691F24868F190067DE7F /* SettingsHeaderVC.swift in Sources */ = {isa = PBXBuildFile; fileRef = C9C0691E24868F190067DE7F /* SettingsHeaderVC.swift */; };
		C9C06921248697230067DE7F /* UIApplication+TopVC.swift in Sources */ = {isa = PBXBuildFile; fileRef = C9C06920248697230067DE7F /* UIApplication+TopVC.swift */; };
		C9E8AA9F2492B9D600147961 /* ThumbnailCollectionCell.swift in Sources */ = {isa = PBXBuildFile; fileRef = C9E8AA9D2492B9D600147961 /* ThumbnailCollectionCell.swift */; };
		C9E8AAA02492B9D600147961 /* ThumbnailCollectionCell.xib in Resources */ = {isa = PBXBuildFile; fileRef = C9E8AA9E2492B9D600147961 /* ThumbnailCollectionCell.xib */; };
		C9E8AAA22492C1EB00147961 /* AdThumbnailController.swift in Sources */ = {isa = PBXBuildFile; fileRef = C9E8AAA12492C1EB00147961 /* AdThumbnailController.swift */; };
		ED0A181225FFAA7E00509201 /* AdController.swift in Sources */ = {isa = PBXBuildFile; fileRef = ED0A181125FFAA7E00509201 /* AdController.swift */; };
		ED0E40B62743B30B00D3009E /* HeaderBiddingResponse.swift in Sources */ = {isa = PBXBuildFile; fileRef = ED0E40B52743B30B00D3009E /* HeaderBiddingResponse.swift */; };
		ED0E40BA2743C25900D3009E /* HeaderBiddingSeatBid.swift in Sources */ = {isa = PBXBuildFile; fileRef = ED0E40B92743C25900D3009E /* HeaderBiddingSeatBid.swift */; };
		ED0E40BC2743C26B00D3009E /* HeaderBiddingBid.swift in Sources */ = {isa = PBXBuildFile; fileRef = ED0E40BB2743C26B00D3009E /* HeaderBiddingBid.swift */; };
		ED0E40BE2743C28B00D3009E /* HeaderBiddingExt.swift in Sources */ = {isa = PBXBuildFile; fileRef = ED0E40BD2743C28B00D3009E /* HeaderBiddingExt.swift */; };
		ED14F99225AC8B2600DA841A /* FormatStore.swift in Sources */ = {isa = PBXBuildFile; fileRef = ED14F99125AC8B2600DA841A /* FormatStore.swift */; };
		ED3EEDEE25D413EA003EE375 /* Constants.swift in Sources */ = {isa = PBXBuildFile; fileRef = ED3EEDED25D413EA003EE375 /* Constants.swift */; };
		ED619FBD25F11D89003F406A /* BannerViewModel.swift in Sources */ = {isa = PBXBuildFile; fileRef = ED619FBC25F11D89003F406A /* BannerViewModel.swift */; };
		ED6A2DCC25A86D7700E7A7CC /* BannerAdControllerStore.swift in Sources */ = {isa = PBXBuildFile; fileRef = ED6A2DCB25A86D7700E7A7CC /* BannerAdControllerStore.swift */; };
		ED76150825ACA38B0036E4B9 /* FormatController.swift in Sources */ = {isa = PBXBuildFile; fileRef = ED76150725ACA38B0036E4B9 /* FormatController.swift */; };
		ED76150A25ACA46A0036E4B9 /* BannerFormatController.swift in Sources */ = {isa = PBXBuildFile; fileRef = ED76150925ACA46A0036E4B9 /* BannerFormatController.swift */; };
		EDAC07E825D297C7000CD1AD /* UIEdgeInsetsExtensions.swift in Sources */ = {isa = PBXBuildFile; fileRef = EDAC07E725D297C7000CD1AD /* UIEdgeInsetsExtensions.swift */; };
		EDB1274327425FA900F0B8C8 /* HeaderBiddingService.swift in Sources */ = {isa = PBXBuildFile; fileRef = EDB1274227425FA900F0B8C8 /* HeaderBiddingService.swift */; };
/* End PBXBuildFile section */

/* Begin PBXCopyFilesBuildPhase section */
		226B0E432886F1D8005275EB /* Embed Frameworks */ = {
			isa = PBXCopyFilesBuildPhase;
			buildActionMask = 2147483647;
			dstPath = "";
			dstSubfolderSpec = 10;
			files = (
			);
			name = "Embed Frameworks";
			runOnlyForDeploymentPostprocessing = 0;
		};
/* End PBXCopyFilesBuildPhase section */

/* Begin PBXFileReference section */
		057D8B21259B7BBA00838AAB /* LegacyTestApp-Bridging-Header.h */ = {isa = PBXFileReference; lastKnownFileType = sourcecode.c.h; path = "LegacyTestApp-Bridging-Header.h"; sourceTree = "<group>"; };
		1ED3C27C29F03974007604BF /* StoreKitTest.framework */ = {isa = PBXFileReference; lastKnownFileType = wrapper.framework; name = StoreKitTest.framework; path = Platforms/iPhoneOS.platform/Developer/Library/Frameworks/StoreKitTest.framework; sourceTree = DEVELOPER_DIR; };
		22D942FB291401DD00A9F90A /* OguryAds.framework */ = {isa = PBXFileReference; explicitFileType = wrapper.framework; path = OguryAds.framework; sourceTree = BUILT_PRODUCTS_DIR; };
		351A16660272F38F3279B421 /* AdsFullscreenController.swift */ = {isa = PBXFileReference; fileEncoding = 4; lastKnownFileType = sourcecode.swift; path = AdsFullscreenController.swift; sourceTree = "<group>"; };
		435C560F2A433987004186FF /* AdsCardLibrary.framework */ = {isa = PBXFileReference; explicitFileType = wrapper.framework; path = AdsCardLibrary.framework; sourceTree = BUILT_PRODUCTS_DIR; };
		436A80E6295072580021EA32 /* String+Ext.swift */ = {isa = PBXFileReference; lastKnownFileType = sourcecode.swift; path = "String+Ext.swift"; sourceTree = "<group>"; };
		43D0E5A82C5BD61B00AF9CF6 /* OguryCore.framework */ = {isa = PBXFileReference; explicitFileType = wrapper.framework; path = OguryCore.framework; sourceTree = BUILT_PRODUCTS_DIR; };
		506D75522CA40AC30050B345 /* OguryAds.framework */ = {isa = PBXFileReference; explicitFileType = wrapper.framework; path = OguryAds.framework; sourceTree = BUILT_PRODUCTS_DIR; };
		506D75542CA40AED0050B345 /* OguryCore.framework */ = {isa = PBXFileReference; explicitFileType = wrapper.framework; path = OguryCore.framework; sourceTree = BUILT_PRODUCTS_DIR; };
		506D75562CA40D500050B345 /* OMSDK_Ogury.xcframework */ = {isa = PBXFileReference; lastKnownFileType = wrapper.xcframework; name = OMSDK_Ogury.xcframework; path = "/Users/neroxe-mac/projects/sdk-ios/sdk-ads-ios/AdsTestApp/../OMSDK_Ogury.xcframework"; sourceTree = "<absolute>"; };
		59F501599943F878CA9FD609 /* Pods_LegacyTestApp.framework */ = {isa = PBXFileReference; explicitFileType = wrapper.framework; includeInIndex = 0; path = Pods_LegacyTestApp.framework; sourceTree = BUILT_PRODUCTS_DIR; };
		A7D140AD0F0D0031B693E0B3 /* Pods-LegacyTestApp.release.xcconfig */ = {isa = PBXFileReference; includeInIndex = 1; lastKnownFileType = text.xcconfig; name = "Pods-LegacyTestApp.release.xcconfig"; path = "Target Support Files/Pods-LegacyTestApp/Pods-LegacyTestApp.release.xcconfig"; sourceTree = "<group>"; };
		C907356124A3CCDD000EF992 /* LogsController.swift */ = {isa = PBXFileReference; lastKnownFileType = sourcecode.swift; path = LogsController.swift; sourceTree = "<group>"; };
		C907356424A3D034000EF992 /* LogsCell.swift */ = {isa = PBXFileReference; lastKnownFileType = sourcecode.swift; path = LogsCell.swift; sourceTree = "<group>"; };
		C907356624A3D045000EF992 /* LogsCell.xib */ = {isa = PBXFileReference; lastKnownFileType = file.xib; path = LogsCell.xib; sourceTree = "<group>"; };
		C907356824A4CFE6000EF992 /* ViewChoiceHeaderVC.swift */ = {isa = PBXFileReference; lastKnownFileType = sourcecode.swift; path = ViewChoiceHeaderVC.swift; sourceTree = "<group>"; };
		C91EA31725F682F600035BD9 /* ThumbnailController.swift */ = {isa = PBXFileReference; lastKnownFileType = sourcecode.swift; path = ThumbnailController.swift; sourceTree = "<group>"; };
		C94674CC24B31C470011665C /* BaseViewController.swift */ = {isa = PBXFileReference; lastKnownFileType = sourcecode.swift; path = BaseViewController.swift; sourceTree = "<group>"; };
		C94674D024B31D640011665C /* BannerTableViewVC.swift */ = {isa = PBXFileReference; lastKnownFileType = sourcecode.swift; path = BannerTableViewVC.swift; sourceTree = "<group>"; };
		C94674D324B31D870011665C /* BannerCollectionViewVC.swift */ = {isa = PBXFileReference; lastKnownFileType = sourcecode.swift; path = BannerCollectionViewVC.swift; sourceTree = "<group>"; };
		C94DAA0628F59C54008BFAB1 /* StoreKit.framework */ = {isa = PBXFileReference; lastKnownFileType = wrapper.framework; name = StoreKit.framework; path = System/Library/Frameworks/StoreKit.framework; sourceTree = SDKROOT; };
		C95151A124A374DF0021B79A /* BannerAdController.swift */ = {isa = PBXFileReference; lastKnownFileType = sourcecode.swift; path = BannerAdController.swift; sourceTree = "<group>"; };
		C958834124A0F55200AD37F9 /* BannerCollectionCell.swift */ = {isa = PBXFileReference; fileEncoding = 4; lastKnownFileType = sourcecode.swift; path = BannerCollectionCell.swift; sourceTree = "<group>"; };
		C958834224A0F55200AD37F9 /* BannerCollectionCell.xib */ = {isa = PBXFileReference; fileEncoding = 4; lastKnownFileType = file.xib; path = BannerCollectionCell.xib; sourceTree = "<group>"; };
		C958834524A10C4400AD37F9 /* UISegmentedControls+ReplaceItems.swift */ = {isa = PBXFileReference; lastKnownFileType = sourcecode.swift; path = "UISegmentedControls+ReplaceItems.swift"; sourceTree = "<group>"; };
		C964069924BC635600689316 /* Coverable.swift */ = {isa = PBXFileReference; fileEncoding = 4; lastKnownFileType = sourcecode.swift; path = Coverable.swift; sourceTree = "<group>"; };
		C964069A24BC635700689316 /* Coverable+UIKit.swift */ = {isa = PBXFileReference; fileEncoding = 4; lastKnownFileType = sourcecode.swift; path = "Coverable+UIKit.swift"; sourceTree = "<group>"; };
		C964069B24BC635700689316 /* LoadingPlaceholderView.swift */ = {isa = PBXFileReference; fileEncoding = 4; lastKnownFileType = sourcecode.swift; path = LoadingPlaceholderView.swift; sourceTree = "<group>"; };
		C964069C24BC635700689316 /* UIBezierPath+.swift */ = {isa = PBXFileReference; fileEncoding = 4; lastKnownFileType = sourcecode.swift; path = "UIBezierPath+.swift"; sourceTree = "<group>"; };
		C96406A324BC643A00689316 /* SkeletonTableCell.swift */ = {isa = PBXFileReference; lastKnownFileType = sourcecode.swift; path = SkeletonTableCell.swift; sourceTree = "<group>"; };
		C96406A524BC644A00689316 /* SkeletonTableCell.xib */ = {isa = PBXFileReference; lastKnownFileType = file.xib; path = SkeletonTableCell.xib; sourceTree = "<group>"; };
		C96406A724BC694200689316 /* BannerTableCell.swift */ = {isa = PBXFileReference; lastKnownFileType = sourcecode.swift; path = BannerTableCell.swift; sourceTree = "<group>"; };
		C96406A924BC695000689316 /* BannerTableCell.xib */ = {isa = PBXFileReference; lastKnownFileType = file.xib; path = BannerTableCell.xib; sourceTree = "<group>"; };
		C96406AB24BC9E2F00689316 /* SkeletonCollectionCell.swift */ = {isa = PBXFileReference; lastKnownFileType = sourcecode.swift; path = SkeletonCollectionCell.swift; sourceTree = "<group>"; };
		C96406AD24BC9E5900689316 /* SkeletonCollectionCell.xib */ = {isa = PBXFileReference; lastKnownFileType = file.xib; path = SkeletonCollectionCell.xib; sourceTree = "<group>"; };
		C96406AF24BCA39B00689316 /* BannerViewCollectionCell.swift */ = {isa = PBXFileReference; lastKnownFileType = sourcecode.swift; path = BannerViewCollectionCell.swift; sourceTree = "<group>"; };
		C96406B124BCA3F200689316 /* BannerViewCollectionCell.xib */ = {isa = PBXFileReference; lastKnownFileType = file.xib; path = BannerViewCollectionCell.xib; sourceTree = "<group>"; };
		C9643F2125752A890055DDBC /* OguryCore.xcframework */ = {isa = PBXFileReference; lastKnownFileType = wrapper.xcframework; name = OguryCore.xcframework; path = "../Pods/OguryCore-Beta/OguryCore.xcframework"; sourceTree = "<group>"; };
		C976094B2428C4550033D633 /* HeaderView.swift */ = {isa = PBXFileReference; lastKnownFileType = sourcecode.swift; path = HeaderView.swift; sourceTree = "<group>"; };
		C97609512428CE700033D633 /* AdsInterstitialController.swift */ = {isa = PBXFileReference; lastKnownFileType = sourcecode.swift; path = AdsInterstitialController.swift; sourceTree = "<group>"; };
		C989F7FA25504E3C005BA3BD /* AdsOptinVideoController.swift */ = {isa = PBXFileReference; lastKnownFileType = sourcecode.swift; path = AdsOptinVideoController.swift; sourceTree = "<group>"; };
		C989F7FE2552AEC8005BA3BD /* ThumbnailVC.swift */ = {isa = PBXFileReference; lastKnownFileType = sourcecode.swift; path = ThumbnailVC.swift; sourceTree = "<group>"; };
		C989F8052552B865005BA3BD /* ThumbnailView.swift */ = {isa = PBXFileReference; lastKnownFileType = sourcecode.swift; path = ThumbnailView.swift; sourceTree = "<group>"; };
		C989F808255315B1005BA3BD /* ThumbnailViewDelegate.swift */ = {isa = PBXFileReference; lastKnownFileType = sourcecode.swift; path = ThumbnailViewDelegate.swift; sourceTree = "<group>"; };
		C989F80D2555835E005BA3BD /* ViewThumbnailVC.swift */ = {isa = PBXFileReference; lastKnownFileType = sourcecode.swift; path = ViewThumbnailVC.swift; sourceTree = "<group>"; };
		C989F81425559579005BA3BD /* ThumbnailVC2.swift */ = {isa = PBXFileReference; lastKnownFileType = sourcecode.swift; path = ThumbnailVC2.swift; sourceTree = "<group>"; };
		C989F817255595AD005BA3BD /* ThumbnailVC3.swift */ = {isa = PBXFileReference; lastKnownFileType = sourcecode.swift; path = ThumbnailVC3.swift; sourceTree = "<group>"; };
		C989F81A255595C7005BA3BD /* ThumbnailVC4.swift */ = {isa = PBXFileReference; lastKnownFileType = sourcecode.swift; path = ThumbnailVC4.swift; sourceTree = "<group>"; };
		C989F870255AE7A6005BA3BD /* ThumbnailView+Frame.swift */ = {isa = PBXFileReference; lastKnownFileType = sourcecode.swift; path = "ThumbnailView+Frame.swift"; sourceTree = "<group>"; };
		C9981BDB24AF608B000BB5D3 /* BannerPosition.swift */ = {isa = PBXFileReference; lastKnownFileType = sourcecode.swift; path = BannerPosition.swift; sourceTree = "<group>"; };
		C9981BDD24AF8AC9000BB5D3 /* BannerScrollViewVC.swift */ = {isa = PBXFileReference; lastKnownFileType = sourcecode.swift; path = BannerScrollViewVC.swift; sourceTree = "<group>"; };
		C9981BDF24AF8D63000BB5D3 /* BannerMainTab.swift */ = {isa = PBXFileReference; lastKnownFileType = sourcecode.swift; path = BannerMainTab.swift; sourceTree = "<group>"; };
		C9981BE224AF92C7000BB5D3 /* HeaderBannerView.swift */ = {isa = PBXFileReference; lastKnownFileType = sourcecode.swift; path = HeaderBannerView.swift; sourceTree = "<group>"; };
		C9981BE524AF9683000BB5D3 /* BannerViewChoiceVC.swift */ = {isa = PBXFileReference; lastKnownFileType = sourcecode.swift; path = BannerViewChoiceVC.swift; sourceTree = "<group>"; };
		C99A4D48241FBFC800288F51 /* TypeOfAds.swift */ = {isa = PBXFileReference; lastKnownFileType = sourcecode.swift; path = TypeOfAds.swift; sourceTree = "<group>"; };
		C99A4D4B241FC8F200288F51 /* RxSettings.swift */ = {isa = PBXFileReference; lastKnownFileType = sourcecode.swift; path = RxSettings.swift; sourceTree = "<group>"; };
		C99A4D4E241FC9AE00288F51 /* InterstitialCollectionCell.swift */ = {isa = PBXFileReference; lastKnownFileType = sourcecode.swift; path = InterstitialCollectionCell.swift; sourceTree = "<group>"; };
		C99A4D50241FCAE900288F51 /* InterstitialCollectionCell.xib */ = {isa = PBXFileReference; lastKnownFileType = file.xib; path = InterstitialCollectionCell.xib; sourceTree = "<group>"; };
		C99A4D53241FCC8000288F51 /* AdsCollectionCell.swift */ = {isa = PBXFileReference; lastKnownFileType = sourcecode.swift; path = AdsCollectionCell.swift; sourceTree = "<group>"; };
		C99A4D56241FCD6700288F51 /* MainScreenViewController.swift */ = {isa = PBXFileReference; lastKnownFileType = sourcecode.swift; path = MainScreenViewController.swift; sourceTree = "<group>"; };
		C99A4D5A2420DD9300288F51 /* AdConfigController.swift */ = {isa = PBXFileReference; lastKnownFileType = sourcecode.swift; path = AdConfigController.swift; sourceTree = "<group>"; };
		C99A4D5D2420E48900288F51 /* config.yaml */ = {isa = PBXFileReference; fileEncoding = 4; lastKnownFileType = text.yaml; path = config.yaml; sourceTree = "<group>"; };
		C99A4D5F2420EA7900288F51 /* Environment.swift */ = {isa = PBXFileReference; lastKnownFileType = sourcecode.swift; path = Environment.swift; sourceTree = "<group>"; };
		C99EE2E624B32A9B000DC1E6 /* AdBannerConfigController.swift */ = {isa = PBXFileReference; lastKnownFileType = sourcecode.swift; path = AdBannerConfigController.swift; sourceTree = "<group>"; };
		C99EE2EC24B5AE78000DC1E6 /* BannerListTableViewCell.swift */ = {isa = PBXFileReference; lastKnownFileType = sourcecode.swift; path = BannerListTableViewCell.swift; sourceTree = "<group>"; };
		C99EE2EE24B5AE81000DC1E6 /* BannerListTableViewCell.xib */ = {isa = PBXFileReference; lastKnownFileType = file.xib; path = BannerListTableViewCell.xib; sourceTree = "<group>"; };
		C9A5E770241A51660093E79B /* OguryTestApp.app */ = {isa = PBXFileReference; explicitFileType = wrapper.application; includeInIndex = 0; path = OguryTestApp.app; sourceTree = BUILT_PRODUCTS_DIR; };
		C9A5E773241A51660093E79B /* AppDelegate.swift */ = {isa = PBXFileReference; lastKnownFileType = sourcecode.swift; path = AppDelegate.swift; sourceTree = "<group>"; };
		C9A5E77A241A51660093E79B /* Base */ = {isa = PBXFileReference; lastKnownFileType = file.storyboard; name = Base; path = Base.lproj/Main.storyboard; sourceTree = "<group>"; };
		C9A5E77C241A51680093E79B /* Assets.xcassets */ = {isa = PBXFileReference; lastKnownFileType = folder.assetcatalog; path = Assets.xcassets; sourceTree = "<group>"; };
		C9A5E77F241A51680093E79B /* Base */ = {isa = PBXFileReference; lastKnownFileType = file.storyboard; name = Base; path = Base.lproj/LaunchScreen.storyboard; sourceTree = "<group>"; };
		C9A5E781241A51680093E79B /* Info.plist */ = {isa = PBXFileReference; lastKnownFileType = text.plist.xml; path = Info.plist; sourceTree = "<group>"; };
		C9C0691E24868F190067DE7F /* SettingsHeaderVC.swift */ = {isa = PBXFileReference; lastKnownFileType = sourcecode.swift; path = SettingsHeaderVC.swift; sourceTree = "<group>"; };
		C9C06920248697230067DE7F /* UIApplication+TopVC.swift */ = {isa = PBXFileReference; lastKnownFileType = sourcecode.swift; path = "UIApplication+TopVC.swift"; sourceTree = "<group>"; };
		C9E8AA9D2492B9D600147961 /* ThumbnailCollectionCell.swift */ = {isa = PBXFileReference; fileEncoding = 4; lastKnownFileType = sourcecode.swift; path = ThumbnailCollectionCell.swift; sourceTree = "<group>"; };
		C9E8AA9E2492B9D600147961 /* ThumbnailCollectionCell.xib */ = {isa = PBXFileReference; fileEncoding = 4; lastKnownFileType = file.xib; path = ThumbnailCollectionCell.xib; sourceTree = "<group>"; };
		C9E8AAA12492C1EB00147961 /* AdThumbnailController.swift */ = {isa = PBXFileReference; lastKnownFileType = sourcecode.swift; path = AdThumbnailController.swift; sourceTree = "<group>"; };
		E8372717DE0C2EB8BD999420 /* Pods-LegacyTestApp.debug.xcconfig */ = {isa = PBXFileReference; includeInIndex = 1; lastKnownFileType = text.xcconfig; name = "Pods-LegacyTestApp.debug.xcconfig"; path = "Target Support Files/Pods-LegacyTestApp/Pods-LegacyTestApp.debug.xcconfig"; sourceTree = "<group>"; };
		ED0A181125FFAA7E00509201 /* AdController.swift */ = {isa = PBXFileReference; lastKnownFileType = sourcecode.swift; path = AdController.swift; sourceTree = "<group>"; };
		ED0E40B52743B30B00D3009E /* HeaderBiddingResponse.swift */ = {isa = PBXFileReference; lastKnownFileType = sourcecode.swift; path = HeaderBiddingResponse.swift; sourceTree = "<group>"; };
		ED0E40B92743C25900D3009E /* HeaderBiddingSeatBid.swift */ = {isa = PBXFileReference; lastKnownFileType = sourcecode.swift; path = HeaderBiddingSeatBid.swift; sourceTree = "<group>"; };
		ED0E40BB2743C26B00D3009E /* HeaderBiddingBid.swift */ = {isa = PBXFileReference; lastKnownFileType = sourcecode.swift; path = HeaderBiddingBid.swift; sourceTree = "<group>"; };
		ED0E40BD2743C28B00D3009E /* HeaderBiddingExt.swift */ = {isa = PBXFileReference; lastKnownFileType = sourcecode.swift; path = HeaderBiddingExt.swift; sourceTree = "<group>"; };
		ED14F99125AC8B2600DA841A /* FormatStore.swift */ = {isa = PBXFileReference; lastKnownFileType = sourcecode.swift; path = FormatStore.swift; sourceTree = "<group>"; };
		ED3EEDED25D413EA003EE375 /* Constants.swift */ = {isa = PBXFileReference; lastKnownFileType = sourcecode.swift; path = Constants.swift; sourceTree = "<group>"; };
		ED619FBC25F11D89003F406A /* BannerViewModel.swift */ = {isa = PBXFileReference; lastKnownFileType = sourcecode.swift; path = BannerViewModel.swift; sourceTree = "<group>"; };
		ED6A2DCB25A86D7700E7A7CC /* BannerAdControllerStore.swift */ = {isa = PBXFileReference; lastKnownFileType = sourcecode.swift; path = BannerAdControllerStore.swift; sourceTree = "<group>"; };
		ED76150725ACA38B0036E4B9 /* FormatController.swift */ = {isa = PBXFileReference; lastKnownFileType = sourcecode.swift; path = FormatController.swift; sourceTree = "<group>"; };
		ED76150925ACA46A0036E4B9 /* BannerFormatController.swift */ = {isa = PBXFileReference; lastKnownFileType = sourcecode.swift; path = BannerFormatController.swift; sourceTree = "<group>"; };
		EDAC07E725D297C7000CD1AD /* UIEdgeInsetsExtensions.swift */ = {isa = PBXFileReference; lastKnownFileType = sourcecode.swift; path = UIEdgeInsetsExtensions.swift; sourceTree = "<group>"; };
		EDB1274227425FA900F0B8C8 /* HeaderBiddingService.swift */ = {isa = PBXFileReference; lastKnownFileType = sourcecode.swift; path = HeaderBiddingService.swift; sourceTree = "<group>"; };
		EDFCD27E25A316F500490E16 /* OguryAds.framework */ = {isa = PBXFileReference; explicitFileType = wrapper.framework; path = OguryAds.framework; sourceTree = BUILT_PRODUCTS_DIR; };
/* End PBXFileReference section */

/* Begin PBXFrameworksBuildPhase section */
		C9A5E76D241A51660093E79B /* Frameworks */ = {
			isa = PBXFrameworksBuildPhase;
			buildActionMask = 2147483647;
			files = (
				506D75572CA40D500050B345 /* OMSDK_Ogury.xcframework in Frameworks */,
				506D75552CA40AED0050B345 /* OguryCore.framework in Frameworks */,
				506D75532CA40AC30050B345 /* OguryAds.framework in Frameworks */,
				393D067380175864ACD6ED9B /* Pods_LegacyTestApp.framework in Frameworks */,
				C94DAA0A28F59CC5008BFAB1 /* StoreKit.framework in Frameworks */,
				1E3D78CF2B23181000FCD4CA /* SnapKit in Frameworks */,
			);
			runOnlyForDeploymentPostprocessing = 0;
		};
/* End PBXFrameworksBuildPhase section */

/* Begin PBXGroup section */
		3E89C737BA898E957C8C33F1 /* Frameworks */ = {
			isa = PBXGroup;
			children = (
				506D75562CA40D500050B345 /* OMSDK_Ogury.xcframework */,
				506D75542CA40AED0050B345 /* OguryCore.framework */,
				506D75522CA40AC30050B345 /* OguryAds.framework */,
				43D0E5A82C5BD61B00AF9CF6 /* OguryCore.framework */,
				435C560F2A433987004186FF /* AdsCardLibrary.framework */,
				1ED3C27C29F03974007604BF /* StoreKitTest.framework */,
				22D942FB291401DD00A9F90A /* OguryAds.framework */,
				C94DAA0628F59C54008BFAB1 /* StoreKit.framework */,
				EDFCD27E25A316F500490E16 /* OguryAds.framework */,
				C9643F2125752A890055DDBC /* OguryCore.xcframework */,
				59F501599943F878CA9FD609 /* Pods_LegacyTestApp.framework */,
			);
			name = Frameworks;
			sourceTree = "<group>";
		};
		742ED32698309B3691701E2E /* Pods */ = {
			isa = PBXGroup;
			children = (
				E8372717DE0C2EB8BD999420 /* Pods-LegacyTestApp.debug.xcconfig */,
				A7D140AD0F0D0031B693E0B3 /* Pods-LegacyTestApp.release.xcconfig */,
			);
			name = Pods;
			path = ../../Pods;
			sourceTree = "<group>";
		};
		C907356324A3D01F000EF992 /* LogsCell */ = {
			isa = PBXGroup;
			children = (
				C907356424A3D034000EF992 /* LogsCell.swift */,
				C907356624A3D045000EF992 /* LogsCell.xib */,
			);
			path = LogsCell;
			sourceTree = "<group>";
		};
		C94674CB24B31C340011665C /* Shared */ = {
			isa = PBXGroup;
			children = (
				C989F8012552B71E005BA3BD /* Thumbnail */,
				C94674CC24B31C470011665C /* BaseViewController.swift */,
			);
			path = Shared;
			sourceTree = "<group>";
		};
		C94674CF24B31D010011665C /* BannerTableVC */ = {
			isa = PBXGroup;
			children = (
				C96406A224BC63EF00689316 /* Cell */,
				C94674D024B31D640011665C /* BannerTableViewVC.swift */,
			);
			path = BannerTableVC;
			sourceTree = "<group>";
		};
		C94674D224B31D6E0011665C /* BannerCollectionVC */ = {
			isa = PBXGroup;
			children = (
				C96406A124BC63E800689316 /* Cell */,
				C94674D324B31D870011665C /* BannerCollectionViewVC.swift */,
			);
			path = BannerCollectionVC;
			sourceTree = "<group>";
		};
		C958833724A0F1D100AD37F9 /* Assets */ = {
			isa = PBXGroup;
			children = (
				C9A5E77C241A51680093E79B /* Assets.xcassets */,
			);
			path = Assets;
			sourceTree = "<group>";
		};
		C958833824A0F44C00AD37F9 /* BannerAdCell */ = {
			isa = PBXGroup;
			children = (
				C958834124A0F55200AD37F9 /* BannerCollectionCell.swift */,
				C958834224A0F55200AD37F9 /* BannerCollectionCell.xib */,
			);
			path = BannerAdCell;
			sourceTree = "<group>";
		};
		C96398F22456D8C100990F43 /* AdsCollectionCell */ = {
			isa = PBXGroup;
			children = (
				C99A4D53241FCC8000288F51 /* AdsCollectionCell.swift */,
			);
			path = AdsCollectionCell;
			sourceTree = "<group>";
		};
		C964069724BC634300689316 /* Sources */ = {
			isa = PBXGroup;
			children = (
				ED0E40B72743C21200D3009E /* Models */,
				EDB1274127425F9800F0B8C8 /* Services */,
				C964069824BC634C00689316 /* skeleton */,
			);
			path = Sources;
			sourceTree = "<group>";
		};
		C964069824BC634C00689316 /* skeleton */ = {
			isa = PBXGroup;
			children = (
				C964069924BC635600689316 /* Coverable.swift */,
				C964069A24BC635700689316 /* Coverable+UIKit.swift */,
				C964069B24BC635700689316 /* LoadingPlaceholderView.swift */,
				C964069C24BC635700689316 /* UIBezierPath+.swift */,
			);
			path = skeleton;
			sourceTree = "<group>";
		};
		C96406A124BC63E800689316 /* Cell */ = {
			isa = PBXGroup;
			children = (
				C96406AB24BC9E2F00689316 /* SkeletonCollectionCell.swift */,
				C96406AD24BC9E5900689316 /* SkeletonCollectionCell.xib */,
				C96406AF24BCA39B00689316 /* BannerViewCollectionCell.swift */,
				C96406B124BCA3F200689316 /* BannerViewCollectionCell.xib */,
			);
			path = Cell;
			sourceTree = "<group>";
		};
		C96406A224BC63EF00689316 /* Cell */ = {
			isa = PBXGroup;
			children = (
				C96406A324BC643A00689316 /* SkeletonTableCell.swift */,
				C96406A524BC644A00689316 /* SkeletonTableCell.xib */,
				C96406A724BC694200689316 /* BannerTableCell.swift */,
				C96406A924BC695000689316 /* BannerTableCell.xib */,
			);
			path = Cell;
			sourceTree = "<group>";
		};
		C989F7FD2552AEAD005BA3BD /* Thumbnail */ = {
			isa = PBXGroup;
			children = (
				C989F80C2555832F005BA3BD /* Header */,
				C989F7FE2552AEC8005BA3BD /* ThumbnailVC.swift */,
				C989F81425559579005BA3BD /* ThumbnailVC2.swift */,
				C989F817255595AD005BA3BD /* ThumbnailVC3.swift */,
				C989F81A255595C7005BA3BD /* ThumbnailVC4.swift */,
			);
			path = Thumbnail;
			sourceTree = "<group>";
		};
		C989F8012552B71E005BA3BD /* Thumbnail */ = {
			isa = PBXGroup;
			children = (
				C989F8052552B865005BA3BD /* ThumbnailView.swift */,
				C989F870255AE7A6005BA3BD /* ThumbnailView+Frame.swift */,
				C989F808255315B1005BA3BD /* ThumbnailViewDelegate.swift */,
			);
			path = Thumbnail;
			sourceTree = "<group>";
		};
		C989F80C2555832F005BA3BD /* Header */ = {
			isa = PBXGroup;
			children = (
				C989F80D2555835E005BA3BD /* ViewThumbnailVC.swift */,
			);
			path = Header;
			sourceTree = "<group>";
		};
		C9981BDA24AF5BD3000BB5D3 /* Banner */ = {
			isa = PBXGroup;
			children = (
				C94674D224B31D6E0011665C /* BannerCollectionVC */,
				C94674CF24B31D010011665C /* BannerTableVC */,
				C9981BE424AF9473000BB5D3 /* BannerScrollVC */,
				C9981BE124AF92A8000BB5D3 /* Header */,
				C9981BDF24AF8D63000BB5D3 /* BannerMainTab.swift */,
				ED619FBC25F11D89003F406A /* BannerViewModel.swift */,
			);
			path = Banner;
			sourceTree = "<group>";
		};
		C9981BE124AF92A8000BB5D3 /* Header */ = {
			isa = PBXGroup;
			children = (
				C99EE2EB24B5AE5B000DC1E6 /* Cell */,
				C9981BE224AF92C7000BB5D3 /* HeaderBannerView.swift */,
				C9981BE524AF9683000BB5D3 /* BannerViewChoiceVC.swift */,
			);
			path = Header;
			sourceTree = "<group>";
		};
		C9981BE424AF9473000BB5D3 /* BannerScrollVC */ = {
			isa = PBXGroup;
			children = (
				C9981BDD24AF8AC9000BB5D3 /* BannerScrollViewVC.swift */,
			);
			path = BannerScrollVC;
			sourceTree = "<group>";
		};
		C99A4D46241FBD1700288F51 /* UI */ = {
			isa = PBXGroup;
			children = (
				C94674CB24B31C340011665C /* Shared */,
				C9981BDA24AF5BD3000BB5D3 /* Banner */,
				C989F7FD2552AEAD005BA3BD /* Thumbnail */,
				C99A4D55241FCD4600288F51 /* MainScreen */,
				C9A5E77E241A51680093E79B /* LaunchScreen.storyboard */,
				C9A5E779241A51660093E79B /* Main.storyboard */,
			);
			path = UI;
			sourceTree = "<group>";
		};
		C99A4D47241FBF9C00288F51 /* Models */ = {
			isa = PBXGroup;
			children = (
				C99A4D48241FBFC800288F51 /* TypeOfAds.swift */,
				C99A4D5F2420EA7900288F51 /* Environment.swift */,
				C9981BDB24AF608B000BB5D3 /* BannerPosition.swift */,
				ED3EEDED25D413EA003EE375 /* Constants.swift */,
			);
			path = Models;
			sourceTree = "<group>";
		};
		C99A4D4A241FC8DB00288F51 /* Rx */ = {
			isa = PBXGroup;
			children = (
				C99A4D4B241FC8F200288F51 /* RxSettings.swift */,
			);
			path = Rx;
			sourceTree = "<group>";
		};
		C99A4D4D241FC96C00288F51 /* FullScreenAdCell */ = {
			isa = PBXGroup;
			children = (
				C99A4D50241FCAE900288F51 /* InterstitialCollectionCell.xib */,
				C99A4D4E241FC9AE00288F51 /* InterstitialCollectionCell.swift */,
			);
			path = FullScreenAdCell;
			sourceTree = "<group>";
		};
		C99A4D52241FCC6800288F51 /* Extensions */ = {
			isa = PBXGroup;
			children = (
				C9C06920248697230067DE7F /* UIApplication+TopVC.swift */,
				EDAC07E725D297C7000CD1AD /* UIEdgeInsetsExtensions.swift */,
				C958834524A10C4400AD37F9 /* UISegmentedControls+ReplaceItems.swift */,
				436A80E6295072580021EA32 /* String+Ext.swift */,
			);
			path = Extensions;
			sourceTree = "<group>";
		};
		C99A4D55241FCD4600288F51 /* MainScreen */ = {
			isa = PBXGroup;
			children = (
				C99A4D582420CDBF00288F51 /* Header */,
				C907356324A3D01F000EF992 /* LogsCell */,
				C958833824A0F44C00AD37F9 /* BannerAdCell */,
				C9E8AA982492B7F500147961 /* ThumbnailAdCell */,
				C96398F22456D8C100990F43 /* AdsCollectionCell */,
				C99A4D4D241FC96C00288F51 /* FullScreenAdCell */,
				C99A4D56241FCD6700288F51 /* MainScreenViewController.swift */,
			);
			path = MainScreen;
			sourceTree = "<group>";
		};
		C99A4D582420CDBF00288F51 /* Header */ = {
			isa = PBXGroup;
			children = (
				C976094B2428C4550033D633 /* HeaderView.swift */,
				C9C0691E24868F190067DE7F /* SettingsHeaderVC.swift */,
				C907356824A4CFE6000EF992 /* ViewChoiceHeaderVC.swift */,
			);
			path = Header;
			sourceTree = "<group>";
		};
		C99A4D592420DD7400288F51 /* Controller */ = {
			isa = PBXGroup;
			children = (
				C99A4D5A2420DD9300288F51 /* AdConfigController.swift */,
				C99EE2E624B32A9B000DC1E6 /* AdBannerConfigController.swift */,
				C97609512428CE700033D633 /* AdsInterstitialController.swift */,
				C989F7FA25504E3C005BA3BD /* AdsOptinVideoController.swift */,
				C9E8AAA12492C1EB00147961 /* AdThumbnailController.swift */,
				C91EA31725F682F600035BD9 /* ThumbnailController.swift */,
				C95151A124A374DF0021B79A /* BannerAdController.swift */,
				C907356124A3CCDD000EF992 /* LogsController.swift */,
				351A16660272F38F3279B421 /* AdsFullscreenController.swift */,
				ED76150725ACA38B0036E4B9 /* FormatController.swift */,
				ED76150925ACA46A0036E4B9 /* BannerFormatController.swift */,
				ED0A181125FFAA7E00509201 /* AdController.swift */,
			);
			path = Controller;
			sourceTree = "<group>";
		};
		C99A4D5C2420E22200288F51 /* Config */ = {
			isa = PBXGroup;
			children = (
				C99A4D5D2420E48900288F51 /* config.yaml */,
			);
			path = Config;
			sourceTree = "<group>";
		};
		C99EE2EB24B5AE5B000DC1E6 /* Cell */ = {
			isa = PBXGroup;
			children = (
				C99EE2EC24B5AE78000DC1E6 /* BannerListTableViewCell.swift */,
				C99EE2EE24B5AE81000DC1E6 /* BannerListTableViewCell.xib */,
			);
			path = Cell;
			sourceTree = "<group>";
		};
		C9A5E767241A51660093E79B = {
			isa = PBXGroup;
			children = (
				C9A5E772241A51660093E79B /* LegacyTestApp */,
				C9A5E771241A51660093E79B /* Products */,
				3E89C737BA898E957C8C33F1 /* Frameworks */,
				742ED32698309B3691701E2E /* Pods */,
			);
			sourceTree = "<group>";
		};
		C9A5E771241A51660093E79B /* Products */ = {
			isa = PBXGroup;
			children = (
				C9A5E770241A51660093E79B /* OguryTestApp.app */,
			);
			name = Products;
			sourceTree = "<group>";
		};
		C9A5E772241A51660093E79B /* LegacyTestApp */ = {
			isa = PBXGroup;
			children = (
				C9A5E773241A51660093E79B /* AppDelegate.swift */,
				C958833724A0F1D100AD37F9 /* Assets */,
				C99A4D5C2420E22200288F51 /* Config */,
				C99A4D592420DD7400288F51 /* Controller */,
				C9A5E781241A51680093E79B /* Info.plist */,
				C99A4D52241FCC6800288F51 /* Extensions */,
				C99A4D47241FBF9C00288F51 /* Models */,
				057D8B21259B7BBA00838AAB /* LegacyTestApp-Bridging-Header.h */,
				C99A4D4A241FC8DB00288F51 /* Rx */,
				C964069724BC634300689316 /* Sources */,
				ED14F99325AC8B8A00DA841A /* Stores */,
				C99A4D46241FBD1700288F51 /* UI */,
			);
			path = LegacyTestApp;
			sourceTree = "<group>";
		};
		C9E8AA982492B7F500147961 /* ThumbnailAdCell */ = {
			isa = PBXGroup;
			children = (
				C9E8AA9D2492B9D600147961 /* ThumbnailCollectionCell.swift */,
				C9E8AA9E2492B9D600147961 /* ThumbnailCollectionCell.xib */,
			);
			path = ThumbnailAdCell;
			sourceTree = "<group>";
		};
		ED0E40B42743B2F100D3009E /* Header Bidding */ = {
			isa = PBXGroup;
			children = (
				EDB1274227425FA900F0B8C8 /* HeaderBiddingService.swift */,
			);
			path = "Header Bidding";
			sourceTree = "<group>";
		};
		ED0E40B72743C21200D3009E /* Models */ = {
			isa = PBXGroup;
			children = (
				ED0E40B82743C21900D3009E /* Header Bidding */,
			);
			path = Models;
			sourceTree = "<group>";
		};
		ED0E40B82743C21900D3009E /* Header Bidding */ = {
			isa = PBXGroup;
			children = (
				ED0E40B52743B30B00D3009E /* HeaderBiddingResponse.swift */,
				ED0E40BB2743C26B00D3009E /* HeaderBiddingBid.swift */,
				ED0E40BD2743C28B00D3009E /* HeaderBiddingExt.swift */,
				ED0E40B92743C25900D3009E /* HeaderBiddingSeatBid.swift */,
			);
			path = "Header Bidding";
			sourceTree = "<group>";
		};
		ED14F99325AC8B8A00DA841A /* Stores */ = {
			isa = PBXGroup;
			children = (
				ED14F99125AC8B2600DA841A /* FormatStore.swift */,
				ED6A2DCB25A86D7700E7A7CC /* BannerAdControllerStore.swift */,
			);
			path = Stores;
			sourceTree = "<group>";
		};
		EDB1274127425F9800F0B8C8 /* Services */ = {
			isa = PBXGroup;
			children = (
				ED0E40B42743B2F100D3009E /* Header Bidding */,
			);
			path = Services;
			sourceTree = "<group>";
		};
/* End PBXGroup section */

/* Begin PBXNativeTarget section */
		C9A5E76F241A51660093E79B /* LegacyTestApp */ = {
			isa = PBXNativeTarget;
			buildConfigurationList = C9A5E784241A51680093E79B /* Build configuration list for PBXNativeTarget "LegacyTestApp" */;
			buildPhases = (
				BA96786969230B9F0252CECE /* [CP] Check Pods Manifest.lock */,
				C9A5E76C241A51660093E79B /* Sources */,
				C9A5E76D241A51660093E79B /* Frameworks */,
				C9A5E76E241A51660093E79B /* Resources */,
				8F77F1FF96DAB2201A2DB236 /* [CP] Embed Pods Frameworks */,
				226B0E432886F1D8005275EB /* Embed Frameworks */,
			);
			buildRules = (
			);
			dependencies = (
			);
			name = LegacyTestApp;
			packageProductDependencies = (
				1E3D78CE2B23181000FCD4CA /* SnapKit */,
			);
			productName = LegacyTestApp;
			productReference = C9A5E770241A51660093E79B /* OguryTestApp.app */;
			productType = "com.apple.product-type.application";
		};
/* End PBXNativeTarget section */

/* Begin PBXProject section */
		C9A5E768241A51660093E79B /* Project object */ = {
			isa = PBXProject;
			attributes = {
				LastSwiftUpdateCheck = 1130;
				LastUpgradeCheck = 1130;
				ORGANIZATIONNAME = co.ogury;
				TargetAttributes = {
					C9A5E76F241A51660093E79B = {
						CreatedOnToolsVersion = 11.3.1;
						LastSwiftMigration = 1220;
					};
				};
			};
			buildConfigurationList = C9A5E76B241A51660093E79B /* Build configuration list for PBXProject "LegacyTestApp" */;
			compatibilityVersion = "Xcode 9.3";
			developmentRegion = en;
			hasScannedForEncodings = 0;
			knownRegions = (
				en,
				Base,
			);
			mainGroup = C9A5E767241A51660093E79B;
			packageReferences = (
				1E3D78CD2B23181000FCD4CA /* XCRemoteSwiftPackageReference "SnapKit" */,
			);
			productRefGroup = C9A5E771241A51660093E79B /* Products */;
			projectDirPath = "";
			projectRoot = "";
			targets = (
				C9A5E76F241A51660093E79B /* LegacyTestApp */,
			);
		};
/* End PBXProject section */

/* Begin PBXResourcesBuildPhase section */
		C9A5E76E241A51660093E79B /* Resources */ = {
			isa = PBXResourcesBuildPhase;
			buildActionMask = 2147483647;
			files = (
				C958834424A0F55200AD37F9 /* BannerCollectionCell.xib in Resources */,
				C96406B224BCA3F200689316 /* BannerViewCollectionCell.xib in Resources */,
				C9E8AAA02492B9D600147961 /* ThumbnailCollectionCell.xib in Resources */,
				C907356724A3D045000EF992 /* LogsCell.xib in Resources */,
				C99A4D5E2420E48900288F51 /* config.yaml in Resources */,
				C96406AE24BC9E5900689316 /* SkeletonCollectionCell.xib in Resources */,
				C99EE2EF24B5AE81000DC1E6 /* BannerListTableViewCell.xib in Resources */,
				C9A5E780241A51680093E79B /* LaunchScreen.storyboard in Resources */,
				C9A5E77D241A51680093E79B /* Assets.xcassets in Resources */,
				C9A5E77B241A51660093E79B /* Main.storyboard in Resources */,
				C99A4D51241FCAE900288F51 /* InterstitialCollectionCell.xib in Resources */,
				C96406AA24BC695000689316 /* BannerTableCell.xib in Resources */,
				C96406A624BC644A00689316 /* SkeletonTableCell.xib in Resources */,
			);
			runOnlyForDeploymentPostprocessing = 0;
		};
/* End PBXResourcesBuildPhase section */

/* Begin PBXShellScriptBuildPhase section */
		8F77F1FF96DAB2201A2DB236 /* [CP] Embed Pods Frameworks */ = {
			isa = PBXShellScriptBuildPhase;
			buildActionMask = 2147483647;
			files = (
			);
			inputFileListPaths = (
				"${PODS_ROOT}/Target Support Files/Pods-LegacyTestApp/Pods-LegacyTestApp-frameworks-${CONFIGURATION}-input-files.xcfilelist",
			);
			name = "[CP] Embed Pods Frameworks";
			outputFileListPaths = (
				"${PODS_ROOT}/Target Support Files/Pods-LegacyTestApp/Pods-LegacyTestApp-frameworks-${CONFIGURATION}-output-files.xcfilelist",
			);
			runOnlyForDeploymentPostprocessing = 0;
			shellPath = /bin/sh;
			shellScript = "\"${PODS_ROOT}/Target Support Files/Pods-LegacyTestApp/Pods-LegacyTestApp-frameworks.sh\"\n";
			showEnvVarsInLog = 0;
		};
		BA96786969230B9F0252CECE /* [CP] Check Pods Manifest.lock */ = {
			isa = PBXShellScriptBuildPhase;
			buildActionMask = 2147483647;
			files = (
			);
			inputFileListPaths = (
			);
			inputPaths = (
				"${PODS_PODFILE_DIR_PATH}/Podfile.lock",
				"${PODS_ROOT}/Manifest.lock",
			);
			name = "[CP] Check Pods Manifest.lock";
			outputFileListPaths = (
			);
			outputPaths = (
				"$(DERIVED_FILE_DIR)/Pods-LegacyTestApp-checkManifestLockResult.txt",
			);
			runOnlyForDeploymentPostprocessing = 0;
			shellPath = /bin/sh;
			shellScript = "diff \"${PODS_PODFILE_DIR_PATH}/Podfile.lock\" \"${PODS_ROOT}/Manifest.lock\" > /dev/null\nif [ $? != 0 ] ; then\n    # print error to STDERR\n    echo \"error: The sandbox is not in sync with the Podfile.lock. Run 'pod install' or update your CocoaPods installation.\" >&2\n    exit 1\nfi\n# This output is used by Xcode 'outputs' to avoid re-running this script phase.\necho \"SUCCESS\" > \"${SCRIPT_OUTPUT_FILE_0}\"\n";
			showEnvVarsInLog = 0;
		};
/* End PBXShellScriptBuildPhase section */

/* Begin PBXSourcesBuildPhase section */
		C9A5E76C241A51660093E79B /* Sources */ = {
			isa = PBXSourcesBuildPhase;
			buildActionMask = 2147483647;
			files = (
				ED0E40BE2743C28B00D3009E /* HeaderBiddingExt.swift in Sources */,
				EDB1274327425FA900F0B8C8 /* HeaderBiddingService.swift in Sources */,
				C91EA31825F682F600035BD9 /* ThumbnailController.swift in Sources */,
				C989F81B255595C7005BA3BD /* ThumbnailVC4.swift in Sources */,
				C99A4D5B2420DD9300288F51 /* AdConfigController.swift in Sources */,
				C96406A424BC643A00689316 /* SkeletonTableCell.swift in Sources */,
				C9C06921248697230067DE7F /* UIApplication+TopVC.swift in Sources */,
				C964069F24BC635700689316 /* LoadingPlaceholderView.swift in Sources */,
				C989F81525559579005BA3BD /* ThumbnailVC2.swift in Sources */,
				C9981BDC24AF608B000BB5D3 /* BannerPosition.swift in Sources */,
				C989F818255595AD005BA3BD /* ThumbnailVC3.swift in Sources */,
				C976094C2428C4550033D633 /* HeaderView.swift in Sources */,
				C989F871255AE7A7005BA3BD /* ThumbnailView+Frame.swift in Sources */,
				C95151A224A374DF0021B79A /* BannerAdController.swift in Sources */,
				C99EE2ED24B5AE78000DC1E6 /* BannerListTableViewCell.swift in Sources */,
				C94674CD24B31C470011665C /* BaseViewController.swift in Sources */,
				C989F80E2555835E005BA3BD /* ViewThumbnailVC.swift in Sources */,
				C99A4D602420EA7900288F51 /* Environment.swift in Sources */,
				C989F809255315B2005BA3BD /* ThumbnailViewDelegate.swift in Sources */,
				ED3EEDEE25D413EA003EE375 /* Constants.swift in Sources */,
				C97609522428CE700033D633 /* AdsInterstitialController.swift in Sources */,
				C9E8AA9F2492B9D600147961 /* ThumbnailCollectionCell.swift in Sources */,
				ED0E40BC2743C26B00D3009E /* HeaderBiddingBid.swift in Sources */,
				C907356924A4CFE6000EF992 /* ViewChoiceHeaderVC.swift in Sources */,
				ED619FBD25F11D89003F406A /* BannerViewModel.swift in Sources */,
				C9C0691F24868F190067DE7F /* SettingsHeaderVC.swift in Sources */,
				C907356224A3CCDD000EF992 /* LogsController.swift in Sources */,
				C99A4D57241FCD6700288F51 /* MainScreenViewController.swift in Sources */,
				436A80E7295072580021EA32 /* String+Ext.swift in Sources */,
				C958834624A10C4400AD37F9 /* UISegmentedControls+ReplaceItems.swift in Sources */,
				C9A5E774241A51660093E79B /* AppDelegate.swift in Sources */,
				C96406A824BC694200689316 /* BannerTableCell.swift in Sources */,
				C9981BE024AF8D63000BB5D3 /* BannerMainTab.swift in Sources */,
				C99EE2E724B32A9B000DC1E6 /* AdBannerConfigController.swift in Sources */,
				C96406B024BCA39B00689316 /* BannerViewCollectionCell.swift in Sources */,
				ED0E40BA2743C25900D3009E /* HeaderBiddingSeatBid.swift in Sources */,
				ED0E40B62743B30B00D3009E /* HeaderBiddingResponse.swift in Sources */,
				ED0A181225FFAA7E00509201 /* AdController.swift in Sources */,
				C907356524A3D034000EF992 /* LogsCell.swift in Sources */,
				C99A4D4F241FC9AE00288F51 /* InterstitialCollectionCell.swift in Sources */,
				C964069E24BC635700689316 /* Coverable+UIKit.swift in Sources */,
				C989F7FF2552AEC8005BA3BD /* ThumbnailVC.swift in Sources */,
				C94674D124B31D640011665C /* BannerTableViewVC.swift in Sources */,
				C99A4D54241FCC8000288F51 /* AdsCollectionCell.swift in Sources */,
				EDAC07E825D297C7000CD1AD /* UIEdgeInsetsExtensions.swift in Sources */,
				C99A4D4C241FC8F200288F51 /* RxSettings.swift in Sources */,
				C96406A024BC635700689316 /* UIBezierPath+.swift in Sources */,
				C96406AC24BC9E2F00689316 /* SkeletonCollectionCell.swift in Sources */,
				C9981BE624AF9683000BB5D3 /* BannerViewChoiceVC.swift in Sources */,
				C989F8062552B865005BA3BD /* ThumbnailView.swift in Sources */,
				C9981BE324AF92C7000BB5D3 /* HeaderBannerView.swift in Sources */,
				ED76150A25ACA46A0036E4B9 /* BannerFormatController.swift in Sources */,
				ED14F99225AC8B2600DA841A /* FormatStore.swift in Sources */,
				ED76150825ACA38B0036E4B9 /* FormatController.swift in Sources */,
				C9981BDE24AF8AC9000BB5D3 /* BannerScrollViewVC.swift in Sources */,
				C964069D24BC635700689316 /* Coverable.swift in Sources */,
				C99A4D49241FBFC800288F51 /* TypeOfAds.swift in Sources */,
				C94674D424B31D870011665C /* BannerCollectionViewVC.swift in Sources */,
				C989F7FB25504E3C005BA3BD /* AdsOptinVideoController.swift in Sources */,
				C9E8AAA22492C1EB00147961 /* AdThumbnailController.swift in Sources */,
				C958834324A0F55200AD37F9 /* BannerCollectionCell.swift in Sources */,
				351A124D3B382C7CCFF8B44B /* AdsFullscreenController.swift in Sources */,
				ED6A2DCC25A86D7700E7A7CC /* BannerAdControllerStore.swift in Sources */,
			);
			runOnlyForDeploymentPostprocessing = 0;
		};
/* End PBXSourcesBuildPhase section */

/* Begin PBXVariantGroup section */
		C9A5E779241A51660093E79B /* Main.storyboard */ = {
			isa = PBXVariantGroup;
			children = (
				C9A5E77A241A51660093E79B /* Base */,
			);
			name = Main.storyboard;
			sourceTree = "<group>";
		};
		C9A5E77E241A51680093E79B /* LaunchScreen.storyboard */ = {
			isa = PBXVariantGroup;
			children = (
				C9A5E77F241A51680093E79B /* Base */,
			);
			name = LaunchScreen.storyboard;
			sourceTree = "<group>";
		};
/* End PBXVariantGroup section */

/* Begin XCBuildConfiguration section */
		C9A5E782241A51680093E79B /* Debug */ = {
			isa = XCBuildConfiguration;
			buildSettings = {
				ALWAYS_SEARCH_USER_PATHS = NO;
				CLANG_ANALYZER_NONNULL = YES;
				CLANG_ANALYZER_NUMBER_OBJECT_CONVERSION = YES_AGGRESSIVE;
				CLANG_CXX_LANGUAGE_STANDARD = "gnu++14";
				CLANG_CXX_LIBRARY = "libc++";
				CLANG_ENABLE_MODULES = YES;
				CLANG_ENABLE_OBJC_ARC = YES;
				CLANG_ENABLE_OBJC_WEAK = YES;
				CLANG_WARN_BLOCK_CAPTURE_AUTORELEASING = YES;
				CLANG_WARN_BOOL_CONVERSION = YES;
				CLANG_WARN_COMMA = YES;
				CLANG_WARN_CONSTANT_CONVERSION = YES;
				CLANG_WARN_DEPRECATED_OBJC_IMPLEMENTATIONS = YES;
				CLANG_WARN_DIRECT_OBJC_ISA_USAGE = YES_ERROR;
				CLANG_WARN_DOCUMENTATION_COMMENTS = YES;
				CLANG_WARN_EMPTY_BODY = YES;
				CLANG_WARN_ENUM_CONVERSION = YES;
				CLANG_WARN_INFINITE_RECURSION = YES;
				CLANG_WARN_INT_CONVERSION = YES;
				CLANG_WARN_NON_LITERAL_NULL_CONVERSION = YES;
				CLANG_WARN_OBJC_IMPLICIT_RETAIN_SELF = YES;
				CLANG_WARN_OBJC_LITERAL_CONVERSION = YES;
				CLANG_WARN_OBJC_ROOT_CLASS = YES_ERROR;
				CLANG_WARN_RANGE_LOOP_ANALYSIS = YES;
				CLANG_WARN_STRICT_PROTOTYPES = YES;
				CLANG_WARN_SUSPICIOUS_MOVE = YES;
				CLANG_WARN_UNGUARDED_AVAILABILITY = YES_AGGRESSIVE;
				CLANG_WARN_UNREACHABLE_CODE = YES;
				CLANG_WARN__DUPLICATE_METHOD_MATCH = YES;
				COPY_PHASE_STRIP = NO;
				CURRENT_PROJECT_VERSION = 203;
				DEBUG_INFORMATION_FORMAT = dwarf;
				ENABLE_STRICT_OBJC_MSGSEND = YES;
				ENABLE_TESTABILITY = YES;
				GCC_C_LANGUAGE_STANDARD = gnu11;
				GCC_DYNAMIC_NO_PIC = NO;
				GCC_NO_COMMON_BLOCKS = YES;
				GCC_OPTIMIZATION_LEVEL = 0;
				GCC_PREPROCESSOR_DEFINITIONS = (
					"DEBUG=1",
					"$(inherited)",
				);
				GCC_WARN_64_TO_32_BIT_CONVERSION = YES;
				GCC_WARN_ABOUT_RETURN_TYPE = YES_ERROR;
				GCC_WARN_UNDECLARED_SELECTOR = YES;
				GCC_WARN_UNINITIALIZED_AUTOS = YES_AGGRESSIVE;
				GCC_WARN_UNUSED_FUNCTION = YES;
				GCC_WARN_UNUSED_VARIABLE = YES;
				INFOPLIST_FILE = LegacyTestApp/Info.plist;
				IPHONEOS_DEPLOYMENT_TARGET = 10.0;
				MARKETING_VERSION = 3.0.0;
				MTL_ENABLE_DEBUG_INFO = INCLUDE_SOURCE;
				MTL_FAST_MATH = YES;
				ONLY_ACTIVE_ARCH = YES;
				PRODUCT_BUNDLE_IDENTIFIER = co.ogury.ads.SwiftPresageTest;
				PRODUCT_NAME = OguryTestApp;
				SDKROOT = iphoneos;
				SWIFT_ACTIVE_COMPILATION_CONDITIONS = DEBUG;
				SWIFT_OPTIMIZATION_LEVEL = "-Onone";
				SWIFT_VERSION = 5.0;
				TARGETED_DEVICE_FAMILY = "1,2";
			};
			name = Debug;
		};
		C9A5E783241A51680093E79B /* Release */ = {
			isa = XCBuildConfiguration;
			buildSettings = {
				ALWAYS_SEARCH_USER_PATHS = NO;
				CLANG_ANALYZER_NONNULL = YES;
				CLANG_ANALYZER_NUMBER_OBJECT_CONVERSION = YES_AGGRESSIVE;
				CLANG_CXX_LANGUAGE_STANDARD = "gnu++14";
				CLANG_CXX_LIBRARY = "libc++";
				CLANG_ENABLE_MODULES = YES;
				CLANG_ENABLE_OBJC_ARC = YES;
				CLANG_ENABLE_OBJC_WEAK = YES;
				CLANG_WARN_BLOCK_CAPTURE_AUTORELEASING = YES;
				CLANG_WARN_BOOL_CONVERSION = YES;
				CLANG_WARN_COMMA = YES;
				CLANG_WARN_CONSTANT_CONVERSION = YES;
				CLANG_WARN_DEPRECATED_OBJC_IMPLEMENTATIONS = YES;
				CLANG_WARN_DIRECT_OBJC_ISA_USAGE = YES_ERROR;
				CLANG_WARN_DOCUMENTATION_COMMENTS = YES;
				CLANG_WARN_EMPTY_BODY = YES;
				CLANG_WARN_ENUM_CONVERSION = YES;
				CLANG_WARN_INFINITE_RECURSION = YES;
				CLANG_WARN_INT_CONVERSION = YES;
				CLANG_WARN_NON_LITERAL_NULL_CONVERSION = YES;
				CLANG_WARN_OBJC_IMPLICIT_RETAIN_SELF = YES;
				CLANG_WARN_OBJC_LITERAL_CONVERSION = YES;
				CLANG_WARN_OBJC_ROOT_CLASS = YES_ERROR;
				CLANG_WARN_RANGE_LOOP_ANALYSIS = YES;
				CLANG_WARN_STRICT_PROTOTYPES = YES;
				CLANG_WARN_SUSPICIOUS_MOVE = YES;
				CLANG_WARN_UNGUARDED_AVAILABILITY = YES_AGGRESSIVE;
				CLANG_WARN_UNREACHABLE_CODE = YES;
				CLANG_WARN__DUPLICATE_METHOD_MATCH = YES;
				COPY_PHASE_STRIP = NO;
				CURRENT_PROJECT_VERSION = 203;
				DEBUG_INFORMATION_FORMAT = "dwarf-with-dsym";
				ENABLE_NS_ASSERTIONS = NO;
				ENABLE_STRICT_OBJC_MSGSEND = YES;
				GCC_C_LANGUAGE_STANDARD = gnu11;
				GCC_NO_COMMON_BLOCKS = YES;
				GCC_WARN_64_TO_32_BIT_CONVERSION = YES;
				GCC_WARN_ABOUT_RETURN_TYPE = YES_ERROR;
				GCC_WARN_UNDECLARED_SELECTOR = YES;
				GCC_WARN_UNINITIALIZED_AUTOS = YES_AGGRESSIVE;
				GCC_WARN_UNUSED_FUNCTION = YES;
				GCC_WARN_UNUSED_VARIABLE = YES;
				INFOPLIST_FILE = LegacyTestApp/Info.plist;
				IPHONEOS_DEPLOYMENT_TARGET = 10.0;
				MARKETING_VERSION = 3.0.0;
				MTL_ENABLE_DEBUG_INFO = NO;
				MTL_FAST_MATH = YES;
				PRODUCT_BUNDLE_IDENTIFIER = co.ogury.ads.SwiftPresageTest;
				PRODUCT_NAME = OguryTestApp;
				SDKROOT = iphoneos;
				SWIFT_COMPILATION_MODE = wholemodule;
				SWIFT_OPTIMIZATION_LEVEL = "-O";
				SWIFT_VERSION = 5.0;
				TARGETED_DEVICE_FAMILY = "1,2";
				VALIDATE_PRODUCT = YES;
			};
			name = Release;
		};
		C9A5E785241A51680093E79B /* Debug */ = {
			isa = XCBuildConfiguration;
			baseConfigurationReference = E8372717DE0C2EB8BD999420 /* Pods-LegacyTestApp.debug.xcconfig */;
			buildSettings = {
				ASSETCATALOG_COMPILER_APPICON_NAME = AppIcon;
				CODE_SIGN_IDENTITY = "Apple Development";
				CODE_SIGN_STYLE = Automatic;
				CURRENT_PROJECT_VERSION = 217;
				DEVELOPMENT_TEAM = W7JZNL3R6G;
				ENABLE_BITCODE = NO;
				FRAMEWORK_SEARCH_PATHS = (
					"$(inherited)",
					"$(PROJECT_DIR)/LegacyTestApp",
					"$(PROJECT_DIR)",
					"${PODS_XCFRAMEWORKS_BUILD_DIR}/OguryCore",
					"${PODS_ROOT}/OguryCore-Beta",
					"$(PROJECT_DIR)/../OMSDK",
				);
				IPHONEOS_DEPLOYMENT_TARGET = 12.0;
				LD_RUNPATH_SEARCH_PATHS = (
					"$(inherited)",
					"@executable_path/Frameworks",
				);
				MARKETING_VERSION = 3.2.2;
				OTHER_LDFLAGS = (
					"$(inherited)",
					"-ObjC",
				);
				PRODUCT_BUNDLE_IDENTIFIER = "co.ogury.Test-Application";
				PROVISIONING_PROFILE_SPECIFIER = "";
				SWIFT_OBJC_BRIDGING_HEADER = "LegacyTestApp/LegacyTestApp-Bridging-Header.h";
			};
			name = Debug;
		};
		C9A5E786241A51680093E79B /* Release */ = {
			isa = XCBuildConfiguration;
			baseConfigurationReference = A7D140AD0F0D0031B693E0B3 /* Pods-LegacyTestApp.release.xcconfig */;
			buildSettings = {
				ASSETCATALOG_COMPILER_APPICON_NAME = AppIcon;
				CODE_SIGN_IDENTITY = "Apple Development";
				CODE_SIGN_STYLE = Automatic;
				CURRENT_PROJECT_VERSION = 217;
				DEVELOPMENT_TEAM = W7JZNL3R6G;
				ENABLE_BITCODE = NO;
				FRAMEWORK_SEARCH_PATHS = (
					"$(inherited)",
					"$(PROJECT_DIR)/LegacyTestApp",
					"$(PROJECT_DIR)",
					"${PODS_XCFRAMEWORKS_BUILD_DIR}/OguryCore",
					"${PODS_ROOT}/OguryCore-Beta",
					"$(PROJECT_DIR)/..",
				);
				IPHONEOS_DEPLOYMENT_TARGET = 12.0;
				LD_RUNPATH_SEARCH_PATHS = (
					"$(inherited)",
					"@executable_path/Frameworks",
				);
				MARKETING_VERSION = 3.2.2;
				OTHER_LDFLAGS = (
					"$(inherited)",
					"-ObjC",
				);
				PRODUCT_BUNDLE_IDENTIFIER = "co.ogury.Test-Application";
				PROVISIONING_PROFILE_SPECIFIER = "";
				SWIFT_OBJC_BRIDGING_HEADER = "LegacyTestApp/LegacyTestApp-Bridging-Header.h";
			};
			name = Release;
		};
/* End XCBuildConfiguration section */

/* Begin XCConfigurationList section */
		C9A5E76B241A51660093E79B /* Build configuration list for PBXProject "LegacyTestApp" */ = {
			isa = XCConfigurationList;
			buildConfigurations = (
				C9A5E782241A51680093E79B /* Debug */,
				C9A5E783241A51680093E79B /* Release */,
			);
			defaultConfigurationIsVisible = 0;
			defaultConfigurationName = Release;
		};
		C9A5E784241A51680093E79B /* Build configuration list for PBXNativeTarget "LegacyTestApp" */ = {
			isa = XCConfigurationList;
			buildConfigurations = (
				C9A5E785241A51680093E79B /* Debug */,
				C9A5E786241A51680093E79B /* Release */,
			);
			defaultConfigurationIsVisible = 0;
			defaultConfigurationName = Release;
		};
/* End XCConfigurationList section */

/* Begin XCRemoteSwiftPackageReference section */
		1E3D78CD2B23181000FCD4CA /* XCRemoteSwiftPackageReference "SnapKit" */ = {
			isa = XCRemoteSwiftPackageReference;
			repositoryURL = "https://github.com/SnapKit/SnapKit";
			requirement = {
				kind = upToNextMajorVersion;
				minimumVersion = 5.6.0;
			};
		};
/* End XCRemoteSwiftPackageReference section */

/* Begin XCSwiftPackageProductDependency section */
		1E3D78CE2B23181000FCD4CA /* SnapKit */ = {
			isa = XCSwiftPackageProductDependency;
			package = 1E3D78CD2B23181000FCD4CA /* XCRemoteSwiftPackageReference "SnapKit" */;
			productName = SnapKit;
		};
/* End XCSwiftPackageProductDependency section */
	};
	rootObject = C9A5E768241A51660093E79B /* Project object */;
}
