{"cliVersion":"0.20.0","productModuleName":"AdsCardLibraryTests","mockedTypeNames":["\/Users\/jerometonnelier\/Developer\/sdk-ios\/sdk-ads-ios\/AdsCardLibrary\/AdsCardLibraryTests\/AdManager\/InterstitialAdManagerTests.swift",["AdLifeCycleDelegate"],"\/Users\/jerometonnelier\/Developer\/sdk-ios\/sdk-ads-ios\/AdsCardLibrary\/AdsCardLibraryTests\/AdManager\/BannerAdManagerTests.swift",["AdLifeCycleDelegate"],"\/Users\/jerometonnelier\/Developer\/sdk-ios\/sdk-ads-ios\/AdsCardLibrary\/AdsCardLibraryTests\/AdManager\/OptinVideoAdManagerTests.swift",["AdLifeCycleDelegate"],"\/Users\/jerometonnelier\/Developer\/sdk-ios\/sdk-ads-ios\/AdsCardLibrary\/AdsCardLibraryTests\/AdsCardManager\/AdsCardManagerTests.swift",["AdLifeCycleDelegate"],"\/Users\/jerometonnelier\/Developer\/sdk-ios\/sdk-ads-ios\/AdsCardLibrary\/AdsCardLibraryTests\/AdManager\/AdManagerOptionsTests.swift",[],"\/Users\/jerometonnelier\/Developer\/sdk-ios\/sdk-ads-ios\/AdsCardLibrary\/AdsCardLibraryTests\/AdManager\/MpuAdManagerTests.swift",["AdLifeCycleDelegate"],"\/Users\/jerometonnelier\/Developer\/sdk-ios\/sdk-ads-ios\/AdsCardLibrary\/AdsCardLibraryTests\/AdManager\/UnityLevelPlayRetriever.swift",[],"\/Users\/jerometonnelier\/Developer\/sdk-ios\/sdk-ads-ios\/AdsCardLibrary\/AdsCardLibraryTests\/AdManager\/ThumbnailAdManagerTests.swift",["AdLifeCycleDelegate"],"\/Users\/jerometonnelier\/Developer\/sdk-ios\/sdk-ads-ios\/AdsCardLibrary\/AdsCardLibraryTests\/AdManager\/BTFairBidRetriever.swift",[],"\/Users\/jerometonnelier\/Developer\/sdk-ios\/sdk-ads-ios\/AdsCardLibrary\/AdsCardLibraryTests\/AdManager\/MaxRetriever.swift",[]],"sourceRoot":"\/Users\/jerometonnelier\/Developer\/sdk-ios\/sdk-ads-ios\/AdsCardLibrary","projectHash":"60e553f9878b0cf09cdf6675829a05ad94a72329","name":"AdsCardLibraryTests","sourceFilePaths":[{"hash":"a56f568fe360c2287a4aca51ec106e4f2ef10ef5","path":"\/Users\/jerometonnelier\/Developer\/sdk-ios\/sdk-ads-ios\/AdsCardLibrary\/AdsCardLibraryTests\/AdManager\/AdManagerOptionsTests.swift"},{"path":"\/Users\/jerometonnelier\/Developer\/sdk-ios\/sdk-ads-ios\/AdsCardLibrary\/AdsCardLibraryTests\/AdManager\/BTFairBidRetriever.swift","hash":"d782b1567c37535e4f6e555aa9e573f9d3352ec2"},{"hash":"bf0025658eb527db959001a3a81a2411aacec910","path":"\/Users\/jerometonnelier\/Developer\/sdk-ios\/sdk-ads-ios\/AdsCardLibrary\/AdsCardLibraryTests\/AdManager\/BannerAdManagerTests.swift"},{"hash":"6af3fbd4bff947f1fbd91aa0ae58328862b73988","path":"\/Users\/jerometonnelier\/Developer\/sdk-ios\/sdk-ads-ios\/AdsCardLibrary\/AdsCardLibraryTests\/AdManager\/InterstitialAdManagerTests.swift"},{"path":"\/Users\/jerometonnelier\/Developer\/sdk-ios\/sdk-ads-ios\/AdsCardLibrary\/AdsCardLibraryTests\/AdManager\/MaxRetriever.swift","hash":"954dd422793c4e88861299967495ca2c1f1450a7"},{"path":"\/Users\/jerometonnelier\/Developer\/sdk-ios\/sdk-ads-ios\/AdsCardLibrary\/AdsCardLibraryTests\/AdManager\/MpuAdManagerTests.swift","hash":"53bee00ba77e2c3d77c85dd0372d96fa96059ef8"},{"hash":"efc409f870532b6b2875a82d40867977d84ab9fa","path":"\/Users\/jerometonnelier\/Developer\/sdk-ios\/sdk-ads-ios\/AdsCardLibrary\/AdsCardLibraryTests\/AdManager\/OptinVideoAdManagerTests.swift"},{"path":"\/Users\/jerometonnelier\/Developer\/sdk-ios\/sdk-ads-ios\/AdsCardLibrary\/AdsCardLibraryTests\/AdManager\/ThumbnailAdManagerTests.swift","hash":"685c6c4aff0868641f77a8e71067b60c35051c3b"},{"path":"\/Users\/jerometonnelier\/Developer\/sdk-ios\/sdk-ads-ios\/AdsCardLibrary\/AdsCardLibraryTests\/AdManager\/UnityLevelPlayRetriever.swift","hash":"d83ba8b35259e7f9a6a6ab3584dc95de77d14227"},{"path":"\/Users\/jerometonnelier\/Developer\/sdk-ios\/sdk-ads-ios\/AdsCardLibrary\/AdsCardLibraryTests\/AdsCardManager\/AdsCardManagerTests.swift","hash":"3b885d961c6b6f88ed460b862dcfc0e3154da988"},{"hash":"a84f00e88fc053602fe2bf19cd27d3a8370aa2b4","path":"\/Users\/jerometonnelier\/Developer\/sdk-ios\/sdk-ads-ios\/AdsCardLibrary\/MockingbirdMocks\/AdsCardLibraryTests-AdsCardLibraryMocks.generated.swift"}],"dependencies":[]}