// !$*UTF8*$!
{
	archiveVersion = 1;
	classes = {
	};
	objectVersion = 77;
	objects = {

/* Begin PBXBuildFile section */
		43EB1B162DB12DCB002F170A /* OguryAds.framework in Frameworks */ = {isa = PBXBuildFile; fileRef = 43EB1B142DB12DCB002F170A /* OguryAds.framework */; };
		43EB1E682DB24DA8002F170A /* OguryCore.framework in Frameworks */ = {isa = PBXBuildFile; fileRef = 43EB1E672DB24DA8002F170A /* OguryCore.framework */; };
		43EB20E62DB279FA002F170A /* AdsCardAdapter.framework in Frameworks */ = {isa = PBXBuildFile; fileRef = 43EB19B62DB1264D002F170A /* AdsCardAdapter.framework */; };
		43F286FC2E8C13F6000DFB7A /* OMSDK_Ogury.xcframework in Frameworks */ = {isa = PBXBuildFile; fileRef = 43F286FB2E8C13F6000DFB7A /* OMSDK_Ogury.xcframework */; };
		52D7F4CE62EDEB4F2F9A8216 /* Pods_MaxCardAdapter.framework in Frameworks */ = {isa = PBXBuildFile; fileRef = 4717547F804EE4C76AF48CF8 /* Pods_MaxCardAdapter.framework */; };
/* End PBXBuildFile section */

/* Begin PBXFileReference section */
		43EB199D2DB0F3C9002F170A /* MaxCardAdapter.framework */ = {isa = PBXFileReference; explicitFileType = wrapper.framework; includeInIndex = 0; path = MaxCardAdapter.framework; sourceTree = BUILT_PRODUCTS_DIR; };
		43EB19B62DB1264D002F170A /* AdsCardAdapter.framework */ = {isa = PBXFileReference; explicitFileType = wrapper.framework; path = AdsCardAdapter.framework; sourceTree = BUILT_PRODUCTS_DIR; };
		43EB1B142DB12DCB002F170A /* OguryAds.framework */ = {isa = PBXFileReference; explicitFileType = wrapper.framework; path = OguryAds.framework; sourceTree = BUILT_PRODUCTS_DIR; };
		43EB1B152DB12DCB002F170A /* OMSDK_Ogury.xcframework */ = {isa = PBXFileReference; lastKnownFileType = wrapper.xcframework; name = OMSDK_Ogury.xcframework; path = "../../sdk-ads-ios/OMSDK_Ogury.xcframework"; sourceTree = "<group>"; };
		43EB1E672DB24DA8002F170A /* OguryCore.framework */ = {isa = PBXFileReference; explicitFileType = wrapper.framework; path = OguryCore.framework; sourceTree = BUILT_PRODUCTS_DIR; };
		43F286FB2E8C13F6000DFB7A /* OMSDK_Ogury.xcframework */ = {isa = PBXFileReference; lastKnownFileType = wrapper.xcframework; name = OMSDK_Ogury.xcframework; path = ../../OguryAds/OMSDK_Ogury.xcframework; sourceTree = "<group>"; };
		4717547F804EE4C76AF48CF8 /* Pods_MaxCardAdapter.framework */ = {isa = PBXFileReference; explicitFileType = wrapper.framework; includeInIndex = 0; path = Pods_MaxCardAdapter.framework; sourceTree = BUILT_PRODUCTS_DIR; };
		9C49C64271D874F164660055 /* Pods-MaxCardAdapter.debug.xcconfig */ = {isa = PBXFileReference; includeInIndex = 1; lastKnownFileType = text.xcconfig; name = "Pods-MaxCardAdapter.debug.xcconfig"; path = "Target Support Files/Pods-MaxCardAdapter/Pods-MaxCardAdapter.debug.xcconfig"; sourceTree = "<group>"; };
		E4318B47CFF6138CBBFDCE16 /* Pods-MaxCardAdapter.release.xcconfig */ = {isa = PBXFileReference; includeInIndex = 1; lastKnownFileType = text.xcconfig; name = "Pods-MaxCardAdapter.release.xcconfig"; path = "Target Support Files/Pods-MaxCardAdapter/Pods-MaxCardAdapter.release.xcconfig"; sourceTree = "<group>"; };
/* End PBXFileReference section */

/* Begin PBXFileSystemSynchronizedRootGroup section */
		43EB199F2DB0F3C9002F170A /* MaxCardAdapter */ = {
			isa = PBXFileSystemSynchronizedRootGroup;
			path = MaxCardAdapter;
			sourceTree = "<group>";
		};
/* End PBXFileSystemSynchronizedRootGroup section */

/* Begin PBXFrameworksBuildPhase section */
		43EB199A2DB0F3C9002F170A /* Frameworks */ = {
			isa = PBXFrameworksBuildPhase;
			buildActionMask = 2147483647;
			files = (
				43EB1E682DB24DA8002F170A /* OguryCore.framework in Frameworks */,
				43EB20E62DB279FA002F170A /* AdsCardAdapter.framework in Frameworks */,
				52D7F4CE62EDEB4F2F9A8216 /* Pods_MaxCardAdapter.framework in Frameworks */,
				43EB1B162DB12DCB002F170A /* OguryAds.framework in Frameworks */,
				43F286FC2E8C13F6000DFB7A /* OMSDK_Ogury.xcframework in Frameworks */,
			);
			runOnlyForDeploymentPostprocessing = 0;
		};
/* End PBXFrameworksBuildPhase section */

/* Begin PBXGroup section */
		3C500EABCFEEDC27E76DCD14 /* Pods */ = {
			isa = PBXGroup;
			children = (
				9C49C64271D874F164660055 /* Pods-MaxCardAdapter.debug.xcconfig */,
				E4318B47CFF6138CBBFDCE16 /* Pods-MaxCardAdapter.release.xcconfig */,
			);
			name = Pods;
			path = ../../Pods;
			sourceTree = "<group>";
		};
		43EB19932DB0F3C9002F170A = {
			isa = PBXGroup;
			children = (
				43EB199F2DB0F3C9002F170A /* MaxCardAdapter */,
				43EB19B52DB1264D002F170A /* Frameworks */,
				43EB199E2DB0F3C9002F170A /* Products */,
				3C500EABCFEEDC27E76DCD14 /* Pods */,
			);
			sourceTree = "<group>";
		};
		43EB199E2DB0F3C9002F170A /* Products */ = {
			isa = PBXGroup;
			children = (
				43EB199D2DB0F3C9002F170A /* MaxCardAdapter.framework */,
			);
			name = Products;
			sourceTree = "<group>";
		};
		43EB19B52DB1264D002F170A /* Frameworks */ = {
			isa = PBXGroup;
			children = (
				43F286FB2E8C13F6000DFB7A /* OMSDK_Ogury.xcframework */,
				43EB1E672DB24DA8002F170A /* OguryCore.framework */,
				43EB1B142DB12DCB002F170A /* OguryAds.framework */,
				43EB1B152DB12DCB002F170A /* OMSDK_Ogury.xcframework */,
				43EB19B62DB1264D002F170A /* AdsCardAdapter.framework */,
				4717547F804EE4C76AF48CF8 /* Pods_MaxCardAdapter.framework */,
			);
			name = Frameworks;
			sourceTree = "<group>";
		};
/* End PBXGroup section */

/* Begin PBXHeadersBuildPhase section */
		43EB19982DB0F3C9002F170A /* Headers */ = {
			isa = PBXHeadersBuildPhase;
			buildActionMask = 2147483647;
			files = (
			);
			runOnlyForDeploymentPostprocessing = 0;
		};
/* End PBXHeadersBuildPhase section */

/* Begin PBXNativeTarget section */
		43EB199C2DB0F3C9002F170A /* MaxCardAdapter */ = {
			isa = PBXNativeTarget;
			buildConfigurationList = 43EB19A62DB0F3C9002F170A /* Build configuration list for PBXNativeTarget "MaxCardAdapter" */;
			buildPhases = (
				5F86ADCF0298132EE0AE8F06 /* [CP] Check Pods Manifest.lock */,
				43EB19982DB0F3C9002F170A /* Headers */,
				43EB19992DB0F3C9002F170A /* Sources */,
				43EB199A2DB0F3C9002F170A /* Frameworks */,
				43EB199B2DB0F3C9002F170A /* Resources */,
			);
			buildRules = (
			);
			dependencies = (
			);
			fileSystemSynchronizedGroups = (
				43EB199F2DB0F3C9002F170A /* MaxCardAdapter */,
			);
			name = MaxCardAdapter;
			productName = MaxCardAdapter;
			productReference = 43EB199D2DB0F3C9002F170A /* MaxCardAdapter.framework */;
			productType = "com.apple.product-type.framework";
		};
/* End PBXNativeTarget section */

/* Begin PBXProject section */
		43EB19942DB0F3C9002F170A /* Project object */ = {
			isa = PBXProject;
			attributes = {
				BuildIndependentTargetsInParallel = 1;
				LastSwiftUpdateCheck = 1630;
				LastUpgradeCheck = 1630;
				TargetAttributes = {
					43EB199C2DB0F3C9002F170A = {
						CreatedOnToolsVersion = 16.3;
					};
				};
			};
			buildConfigurationList = 43EB19972DB0F3C9002F170A /* Build configuration list for PBXProject "MaxCardAdapter" */;
			developmentRegion = en;
			hasScannedForEncodings = 0;
			knownRegions = (
				en,
				Base,
			);
			mainGroup = 43EB19932DB0F3C9002F170A;
			minimizedProjectReferenceProxies = 1;
			preferredProjectObjectVersion = 77;
			productRefGroup = 43EB199E2DB0F3C9002F170A /* Products */;
			projectDirPath = "";
			projectRoot = "";
			targets = (
				43EB199C2DB0F3C9002F170A /* MaxCardAdapter */,
			);
		};
/* End PBXProject section */

/* Begin PBXResourcesBuildPhase section */
		43EB199B2DB0F3C9002F170A /* Resources */ = {
			isa = PBXResourcesBuildPhase;
			buildActionMask = 2147483647;
			files = (
			);
			runOnlyForDeploymentPostprocessing = 0;
		};
/* End PBXResourcesBuildPhase section */

/* Begin PBXShellScriptBuildPhase section */
		5F86ADCF0298132EE0AE8F06 /* [CP] Check Pods Manifest.lock */ = {
			isa = PBXShellScriptBuildPhase;
			buildActionMask = 2147483647;
			files = (
			);
			inputFileListPaths = (
			);
			inputPaths = (
				"${PODS_PODFILE_DIR_PATH}/Podfile.lock",
				"${PODS_ROOT}/Manifest.lock",
			);
			name = "[CP] Check Pods Manifest.lock";
			outputFileListPaths = (
			);
			outputPaths = (
				"$(DERIVED_FILE_DIR)/Pods-MaxCardAdapter-checkManifestLockResult.txt",
			);
			runOnlyForDeploymentPostprocessing = 0;
			shellPath = /bin/sh;
			shellScript = "diff \"${PODS_PODFILE_DIR_PATH}/Podfile.lock\" \"${PODS_ROOT}/Manifest.lock\" > /dev/null\nif [ $? != 0 ] ; then\n    # print error to STDERR\n    echo \"error: The sandbox is not in sync with the Podfile.lock. Run 'pod install' or update your CocoaPods installation.\" >&2\n    exit 1\nfi\n# This output is used by Xcode 'outputs' to avoid re-running this script phase.\necho \"SUCCESS\" > \"${SCRIPT_OUTPUT_FILE_0}\"\n";
			showEnvVarsInLog = 0;
		};
/* End PBXShellScriptBuildPhase section */

/* Begin PBXSourcesBuildPhase section */
		43EB19992DB0F3C9002F170A /* Sources */ = {
			isa = PBXSourcesBuildPhase;
			buildActionMask = 2147483647;
			files = (
			);
			runOnlyForDeploymentPostprocessing = 0;
		};
/* End PBXSourcesBuildPhase section */

/* Begin XCBuildConfiguration section */
		43EB19A42DB0F3C9002F170A /* Debug */ = {
			isa = XCBuildConfiguration;
			buildSettings = {
				ALWAYS_SEARCH_USER_PATHS = NO;
				ASSETCATALOG_COMPILER_GENERATE_SWIFT_ASSET_SYMBOL_EXTENSIONS = YES;
				CLANG_ANALYZER_NONNULL = YES;
				CLANG_ANALYZER_NUMBER_OBJECT_CONVERSION = YES_AGGRESSIVE;
				CLANG_CXX_LANGUAGE_STANDARD = "gnu++20";
				CLANG_ENABLE_MODULES = YES;
				CLANG_ENABLE_OBJC_ARC = YES;
				CLANG_ENABLE_OBJC_WEAK = YES;
				CLANG_WARN_BLOCK_CAPTURE_AUTORELEASING = YES;
				CLANG_WARN_BOOL_CONVERSION = YES;
				CLANG_WARN_COMMA = YES;
				CLANG_WARN_CONSTANT_CONVERSION = YES;
				CLANG_WARN_DEPRECATED_OBJC_IMPLEMENTATIONS = YES;
				CLANG_WARN_DIRECT_OBJC_ISA_USAGE = YES_ERROR;
				CLANG_WARN_DOCUMENTATION_COMMENTS = YES;
				CLANG_WARN_EMPTY_BODY = YES;
				CLANG_WARN_ENUM_CONVERSION = YES;
				CLANG_WARN_INFINITE_RECURSION = YES;
				CLANG_WARN_INT_CONVERSION = YES;
				CLANG_WARN_NON_LITERAL_NULL_CONVERSION = YES;
				CLANG_WARN_OBJC_IMPLICIT_RETAIN_SELF = YES;
				CLANG_WARN_OBJC_LITERAL_CONVERSION = YES;
				CLANG_WARN_OBJC_ROOT_CLASS = YES_ERROR;
				CLANG_WARN_QUOTED_INCLUDE_IN_FRAMEWORK_HEADER = YES;
				CLANG_WARN_RANGE_LOOP_ANALYSIS = YES;
				CLANG_WARN_STRICT_PROTOTYPES = YES;
				CLANG_WARN_SUSPICIOUS_MOVE = YES;
				CLANG_WARN_UNGUARDED_AVAILABILITY = YES_AGGRESSIVE;
				CLANG_WARN_UNREACHABLE_CODE = YES;
				CLANG_WARN__DUPLICATE_METHOD_MATCH = YES;
				COPY_PHASE_STRIP = NO;
				CURRENT_PROJECT_VERSION = 1;
				DEBUG_INFORMATION_FORMAT = dwarf;
				DEVELOPMENT_TEAM = W7JZNL3R6G;
				ENABLE_STRICT_OBJC_MSGSEND = YES;
				ENABLE_TESTABILITY = YES;
				ENABLE_USER_SCRIPT_SANDBOXING = YES;
				GCC_C_LANGUAGE_STANDARD = gnu17;
				GCC_DYNAMIC_NO_PIC = NO;
				GCC_NO_COMMON_BLOCKS = YES;
				GCC_OPTIMIZATION_LEVEL = 0;
				GCC_PREPROCESSOR_DEFINITIONS = (
					"DEBUG=1",
					"$(inherited)",
				);
				GCC_WARN_64_TO_32_BIT_CONVERSION = YES;
				GCC_WARN_ABOUT_RETURN_TYPE = YES_ERROR;
				GCC_WARN_UNDECLARED_SELECTOR = YES;
				GCC_WARN_UNINITIALIZED_AUTOS = YES_AGGRESSIVE;
				GCC_WARN_UNUSED_FUNCTION = YES;
				GCC_WARN_UNUSED_VARIABLE = YES;
				IPHONEOS_DEPLOYMENT_TARGET = 18.4;
				LOCALIZATION_PREFERS_STRING_CATALOGS = YES;
				MTL_ENABLE_DEBUG_INFO = INCLUDE_SOURCE;
				MTL_FAST_MATH = YES;
				ONLY_ACTIVE_ARCH = YES;
				SDKROOT = iphoneos;
				SWIFT_ACTIVE_COMPILATION_CONDITIONS = "DEBUG $(inherited)";
				SWIFT_OPTIMIZATION_LEVEL = "-Onone";
				VERSIONING_SYSTEM = "apple-generic";
				VERSION_INFO_PREFIX = "";
			};
			name = Debug;
		};
		43EB19A52DB0F3C9002F170A /* Release */ = {
			isa = XCBuildConfiguration;
			buildSettings = {
				ALWAYS_SEARCH_USER_PATHS = NO;
				ASSETCATALOG_COMPILER_GENERATE_SWIFT_ASSET_SYMBOL_EXTENSIONS = YES;
				CLANG_ANALYZER_NONNULL = YES;
				CLANG_ANALYZER_NUMBER_OBJECT_CONVERSION = YES_AGGRESSIVE;
				CLANG_CXX_LANGUAGE_STANDARD = "gnu++20";
				CLANG_ENABLE_MODULES = YES;
				CLANG_ENABLE_OBJC_ARC = YES;
				CLANG_ENABLE_OBJC_WEAK = YES;
				CLANG_WARN_BLOCK_CAPTURE_AUTORELEASING = YES;
				CLANG_WARN_BOOL_CONVERSION = YES;
				CLANG_WARN_COMMA = YES;
				CLANG_WARN_CONSTANT_CONVERSION = YES;
				CLANG_WARN_DEPRECATED_OBJC_IMPLEMENTATIONS = YES;
				CLANG_WARN_DIRECT_OBJC_ISA_USAGE = YES_ERROR;
				CLANG_WARN_DOCUMENTATION_COMMENTS = YES;
				CLANG_WARN_EMPTY_BODY = YES;
				CLANG_WARN_ENUM_CONVERSION = YES;
				CLANG_WARN_INFINITE_RECURSION = YES;
				CLANG_WARN_INT_CONVERSION = YES;
				CLANG_WARN_NON_LITERAL_NULL_CONVERSION = YES;
				CLANG_WARN_OBJC_IMPLICIT_RETAIN_SELF = YES;
				CLANG_WARN_OBJC_LITERAL_CONVERSION = YES;
				CLANG_WARN_OBJC_ROOT_CLASS = YES_ERROR;
				CLANG_WARN_QUOTED_INCLUDE_IN_FRAMEWORK_HEADER = YES;
				CLANG_WARN_RANGE_LOOP_ANALYSIS = YES;
				CLANG_WARN_STRICT_PROTOTYPES = YES;
				CLANG_WARN_SUSPICIOUS_MOVE = YES;
				CLANG_WARN_UNGUARDED_AVAILABILITY = YES_AGGRESSIVE;
				CLANG_WARN_UNREACHABLE_CODE = YES;
				CLANG_WARN__DUPLICATE_METHOD_MATCH = YES;
				COPY_PHASE_STRIP = NO;
				CURRENT_PROJECT_VERSION = 1;
				DEBUG_INFORMATION_FORMAT = "dwarf-with-dsym";
				DEVELOPMENT_TEAM = W7JZNL3R6G;
				ENABLE_NS_ASSERTIONS = NO;
				ENABLE_STRICT_OBJC_MSGSEND = YES;
				ENABLE_USER_SCRIPT_SANDBOXING = YES;
				GCC_C_LANGUAGE_STANDARD = gnu17;
				GCC_NO_COMMON_BLOCKS = YES;
				GCC_WARN_64_TO_32_BIT_CONVERSION = YES;
				GCC_WARN_ABOUT_RETURN_TYPE = YES_ERROR;
				GCC_WARN_UNDECLARED_SELECTOR = YES;
				GCC_WARN_UNINITIALIZED_AUTOS = YES_AGGRESSIVE;
				GCC_WARN_UNUSED_FUNCTION = YES;
				GCC_WARN_UNUSED_VARIABLE = YES;
				IPHONEOS_DEPLOYMENT_TARGET = 18.4;
				LOCALIZATION_PREFERS_STRING_CATALOGS = YES;
				MTL_ENABLE_DEBUG_INFO = NO;
				MTL_FAST_MATH = YES;
				SDKROOT = iphoneos;
				SWIFT_COMPILATION_MODE = wholemodule;
				VALIDATE_PRODUCT = YES;
				VERSIONING_SYSTEM = "apple-generic";
				VERSION_INFO_PREFIX = "";
			};
			name = Release;
		};
		43EB19A72DB0F3C9002F170A /* Debug */ = {
			isa = XCBuildConfiguration;
			baseConfigurationReference = 9C49C64271D874F164660055 /* Pods-MaxCardAdapter.debug.xcconfig */;
			buildSettings = {
				BUILD_LIBRARY_FOR_DISTRIBUTION = YES;
				CODE_SIGN_STYLE = Automatic;
				CURRENT_PROJECT_VERSION = 1;
				DEVELOPMENT_TEAM = W7JZNL3R6G;
				DYLIB_COMPATIBILITY_VERSION = 1;
				DYLIB_CURRENT_VERSION = 1;
				DYLIB_INSTALL_NAME_BASE = "@rpath";
				ENABLE_MODULE_VERIFIER = YES;
				GENERATE_INFOPLIST_FILE = YES;
				INFOPLIST_KEY_NSHumanReadableCopyright = "";
				INSTALL_PATH = "$(LOCAL_LIBRARY_DIR)/Frameworks";
				IPHONEOS_DEPLOYMENT_TARGET = 16.4;
				LD_RUNPATH_SEARCH_PATHS = (
					"$(inherited)",
					"@executable_path/Frameworks",
					"@loader_path/Frameworks",
				);
				MARKETING_VERSION = 1.0;
				MODULE_VERIFIER_SUPPORTED_LANGUAGES = "objective-c objective-c++";
				MODULE_VERIFIER_SUPPORTED_LANGUAGE_STANDARDS = "gnu17 gnu++20";
				PRODUCT_BUNDLE_IDENTIFIER = co.ogury.sdk.acl.MaxCardAdapter;
				PRODUCT_NAME = "$(TARGET_NAME:c99extidentifier)";
				SKIP_INSTALL = YES;
				SUPPORTED_PLATFORMS = "iphoneos iphonesimulator";
				SUPPORTS_MACCATALYST = YES;
				SUPPORTS_MAC_DESIGNED_FOR_IPHONE_IPAD = YES;
				SUPPORTS_XR_DESIGNED_FOR_IPHONE_IPAD = NO;
				SWIFT_EMIT_LOC_STRINGS = YES;
				SWIFT_INSTALL_MODULE = YES;
				SWIFT_INSTALL_OBJC_HEADER = NO;
				SWIFT_VERSION = 5.0;
				TARGETED_DEVICE_FAMILY = "1,2";
			};
			name = Debug;
		};
		43EB19A82DB0F3C9002F170A /* Release */ = {
			isa = XCBuildConfiguration;
			baseConfigurationReference = E4318B47CFF6138CBBFDCE16 /* Pods-MaxCardAdapter.release.xcconfig */;
			buildSettings = {
				BUILD_LIBRARY_FOR_DISTRIBUTION = YES;
				CODE_SIGN_STYLE = Automatic;
				CURRENT_PROJECT_VERSION = 1;
				DEVELOPMENT_TEAM = W7JZNL3R6G;
				DYLIB_COMPATIBILITY_VERSION = 1;
				DYLIB_CURRENT_VERSION = 1;
				DYLIB_INSTALL_NAME_BASE = "@rpath";
				ENABLE_MODULE_VERIFIER = YES;
				GENERATE_INFOPLIST_FILE = YES;
				INFOPLIST_KEY_NSHumanReadableCopyright = "";
				INSTALL_PATH = "$(LOCAL_LIBRARY_DIR)/Frameworks";
				IPHONEOS_DEPLOYMENT_TARGET = 16.4;
				LD_RUNPATH_SEARCH_PATHS = (
					"$(inherited)",
					"@executable_path/Frameworks",
					"@loader_path/Frameworks",
				);
				MARKETING_VERSION = 1.0;
				MODULE_VERIFIER_SUPPORTED_LANGUAGES = "objective-c objective-c++";
				MODULE_VERIFIER_SUPPORTED_LANGUAGE_STANDARDS = "gnu17 gnu++20";
				PRODUCT_BUNDLE_IDENTIFIER = co.ogury.sdk.acl.MaxCardAdapter;
				PRODUCT_NAME = "$(TARGET_NAME:c99extidentifier)";
				SKIP_INSTALL = YES;
				SUPPORTED_PLATFORMS = "iphoneos iphonesimulator";
				SUPPORTS_MACCATALYST = YES;
				SUPPORTS_MAC_DESIGNED_FOR_IPHONE_IPAD = YES;
				SUPPORTS_XR_DESIGNED_FOR_IPHONE_IPAD = NO;
				SWIFT_EMIT_LOC_STRINGS = YES;
				SWIFT_INSTALL_MODULE = YES;
				SWIFT_INSTALL_OBJC_HEADER = NO;
				SWIFT_VERSION = 5.0;
				TARGETED_DEVICE_FAMILY = "1,2";
			};
			name = Release;
		};
/* End XCBuildConfiguration section */

/* Begin XCConfigurationList section */
		43EB19972DB0F3C9002F170A /* Build configuration list for PBXProject "MaxCardAdapter" */ = {
			isa = XCConfigurationList;
			buildConfigurations = (
				43EB19A42DB0F3C9002F170A /* Debug */,
				43EB19A52DB0F3C9002F170A /* Release */,
			);
			defaultConfigurationIsVisible = 0;
			defaultConfigurationName = Release;
		};
		43EB19A62DB0F3C9002F170A /* Build configuration list for PBXNativeTarget "MaxCardAdapter" */ = {
			isa = XCConfigurationList;
			buildConfigurations = (
				43EB19A72DB0F3C9002F170A /* Debug */,
				43EB19A82DB0F3C9002F170A /* Release */,
			);
			defaultConfigurationIsVisible = 0;
			defaultConfigurationName = Release;
		};
/* End XCConfigurationList section */
	};
	rootObject = 43EB19942DB0F3C9002F170A /* Project object */;
}
